// !$*UTF8*$!
{
	archiveVersion = 1;
	classes = {
	};
	objectVersion = 51;
	objects = {

/* Begin PBXBuildFile section */
		21A89EA2374E4C79F7BAC2B7 /* Pods_TFY_Navigation.framework in Frameworks */ = {isa = PBXBuildFile; fileRef = 29018E2143133F7AD73E672B /* Pods_TFY_Navigation.framework */; };
		3624206B229649BF00AFE2B2 /* AppDelegate.m in Sources */ = {isa = PBXBuildFile; fileRef = 3624206A229649BF00AFE2B2 /* AppDelegate.m */; };
		3624206E229649BF00AFE2B2 /* ViewController.m in Sources */ = {isa = PBXBuildFile; fileRef = 3624206D229649BF00AFE2B2 /* ViewController.m */; };
		36242073229649C000AFE2B2 /* Assets.xcassets in Resources */ = {isa = PBXBuildFile; fileRef = 36242072229649C000AFE2B2 /* Assets.xcassets */; };
		36242076229649C000AFE2B2 /* LaunchScreen.storyboard in Resources */ = {isa = PBXBuildFile; fileRef = 36242074229649C000AFE2B2 /* LaunchScreen.storyboard */; };
		36242079229649C000AFE2B2 /* main.m in Sources */ = {isa = PBXBuildFile; fileRef = 36242078229649C000AFE2B2 /* main.m */; };
		36242083229649C000AFE2B2 /* TFY_NavigationTests.m in Sources */ = {isa = PBXBuildFile; fileRef = 36242082229649C000AFE2B2 /* TFY_NavigationTests.m */; };
		3624208E229649C000AFE2B2 /* TFY_NavigationUITests.m in Sources */ = {isa = PBXBuildFile; fileRef = 3624208D229649C000AFE2B2 /* TFY_NavigationUITests.m */; };
		3683FE0E24F1D69D005CF078 /* CustomTitleCellExampleVC3.m in Sources */ = {isa = PBXBuildFile; fileRef = 3683FDE324F1D69D005CF078 /* CustomTitleCellExampleVC3.m */; };
		3683FE0F24F1D69D005CF078 /* CustomTitleCellExampleVC2.m in Sources */ = {isa = PBXBuildFile; fileRef = 3683FDE424F1D69D005CF078 /* CustomTitleCellExampleVC2.m */; };
		3683FE1024F1D69D005CF078 /* OtherAppExampleListVC.m in Sources */ = {isa = PBXBuildFile; fileRef = 3683FDE524F1D69D005CF078 /* OtherAppExampleListVC.m */; };
		3683FE1124F1D69D005CF078 /* CustomPageTitleCell3.m in Sources */ = {isa = PBXBuildFile; fileRef = 3683FDE824F1D69D005CF078 /* CustomPageTitleCell3.m */; };
		3683FE1224F1D69D005CF078 /* CustomPageTitleCell2.m in Sources */ = {isa = PBXBuildFile; fileRef = 3683FDE924F1D69D005CF078 /* CustomPageTitleCell2.m */; };
		3683FE1324F1D69D005CF078 /* CommonPageViewController.m in Sources */ = {isa = PBXBuildFile; fileRef = 3683FDEE24F1D69D005CF078 /* CommonPageViewController.m */; };
		3683FE1424F1D69D005CF078 /* CommonTableViewController.m in Sources */ = {isa = PBXBuildFile; fileRef = 3683FDF024F1D69D005CF078 /* CommonTableViewController.m */; };
		3683FE1524F1D69D005CF078 /* BasicFunctionListVC.m in Sources */ = {isa = PBXBuildFile; fileRef = 3683FDF324F1D69D005CF078 /* BasicFunctionListVC.m */; };
		3683FE1624F1D69D005CF078 /* SpecialUseExampleVC.m in Sources */ = {isa = PBXBuildFile; fileRef = 3683FDF524F1D69D005CF078 /* SpecialUseExampleVC.m */; };
		3683FE1724F1D69D005CF078 /* SwitchByHandExampleVC.m in Sources */ = {isa = PBXBuildFile; fileRef = 3683FDF724F1D69D005CF078 /* SwitchByHandExampleVC.m */; };
		3683FE1824F1D69D005CF078 /* MultiLevelExampleVC.m in Sources */ = {isa = PBXBuildFile; fileRef = 3683FDF924F1D69D005CF078 /* MultiLevelExampleVC.m */; };
		3683FE1924F1D69D005CF078 /* CustomPageTitleCell1.m in Sources */ = {isa = PBXBuildFile; fileRef = 3683FDFE24F1D69D005CF078 /* CustomPageTitleCell1.m */; };
		3683FE1A24F1D69D005CF078 /* CustomTitleCellExampleVC1.m in Sources */ = {isa = PBXBuildFile; fileRef = 3683FE0024F1D69D005CF078 /* CustomTitleCellExampleVC1.m */; };
		3683FE1B24F1D69D005CF078 /* ChannelManageExampleVC.m in Sources */ = {isa = PBXBuildFile; fileRef = 3683FE0124F1D69D005CF078 /* ChannelManageExampleVC.m */; };
		3683FE1C24F1D69D005CF078 /* ChildViewConflictExampleVC.m in Sources */ = {isa = PBXBuildFile; fileRef = 3683FE0324F1D69D005CF078 /* ChildViewConflictExampleVC.m */; };
		3683FE1D24F1D69D005CF078 /* XLChannelControl.m in Sources */ = {isa = PBXBuildFile; fileRef = 3683FE0624F1D69D005CF078 /* XLChannelControl.m */; };
		3683FE1E24F1D69D005CF078 /* XLChannelHeader.m in Sources */ = {isa = PBXBuildFile; fileRef = 3683FE0A24F1D69D005CF078 /* XLChannelHeader.m */; };
		3683FE1F24F1D69D005CF078 /* XLChannelView.m in Sources */ = {isa = PBXBuildFile; fileRef = 3683FE0B24F1D69D005CF078 /* XLChannelView.m */; };
		3683FE2024F1D69D005CF078 /* XLChannelItem.m in Sources */ = {isa = PBXBuildFile; fileRef = 3683FE0D24F1D69D005CF078 /* XLChannelItem.m */; };
		3683FE2324F1D6D2005CF078 /* NAV_OneController.m in Sources */ = {isa = PBXBuildFile; fileRef = 3683FE2224F1D6D2005CF078 /* NAV_OneController.m */; };
		3683FE2624F1D6E6005CF078 /* NAV_TwoController.m in Sources */ = {isa = PBXBuildFile; fileRef = 3683FE2524F1D6E6005CF078 /* NAV_TwoController.m */; };
		3683FE2924F1D6FA005CF078 /* NAV_ThreeController.m in Sources */ = {isa = PBXBuildFile; fileRef = 3683FE2824F1D6FA005CF078 /* NAV_ThreeController.m */; };
		368F25BB254BF00A002A1D38 /* NAV_FourViewController.m in Sources */ = {isa = PBXBuildFile; fileRef = 368F25BA254BF00A002A1D38 /* NAV_FourViewController.m */; };
		368F25C1254BF021002A1D38 /* NAV_FiveViewController.m in Sources */ = {isa = PBXBuildFile; fileRef = 368F25C0254BF021002A1D38 /* NAV_FiveViewController.m */; };
		368F25C7254BF035002A1D38 /* NAV_SixViewController.m in Sources */ = {isa = PBXBuildFile; fileRef = 368F25C6254BF035002A1D38 /* NAV_SixViewController.m */; };
		368F25CD254BF050002A1D38 /* NAV_SevenViewController.m in Sources */ = {isa = PBXBuildFile; fileRef = 368F25CC254BF050002A1D38 /* NAV_SevenViewController.m */; };
		368F25E6254BF408002A1D38 /* TFY_TabBarController.m in Sources */ = {isa = PBXBuildFile; fileRef = 368F25E5254BF408002A1D38 /* TFY_TabBarController.m */; };
		369044492550FE2800E413BE /* UINavigationController+TFYCategory.m in Sources */ = {isa = PBXBuildFile; fileRef = 369044312550FE2800E413BE /* UINavigationController+TFYCategory.m */; };
		3690444B2550FE2800E413BE /* UINavigationItem+TFYCategory.m in Sources */ = {isa = PBXBuildFile; fileRef = 369044332550FE2800E413BE /* UINavigationItem+TFYCategory.m */; };
		3690444C2550FE2800E413BE /* UIViewController+TFYCategory.m in Sources */ = {isa = PBXBuildFile; fileRef = 369044342550FE2800E413BE /* UIViewController+TFYCategory.m */; };
		3690444D2550FE2800E413BE /* UIBarButtonItem+TFYCategory.m in Sources */ = {isa = PBXBuildFile; fileRef = 369044382550FE2800E413BE /* UIBarButtonItem+TFYCategory.m */; };
		3690444F2550FE2800E413BE /* TFYNavigationBarConfigure.m in Sources */ = {isa = PBXBuildFile; fileRef = 3690443C2550FE2800E413BE /* TFYNavigationBarConfigure.m */; };
		369044502550FE2800E413BE /* TFYNavigationBar.m in Sources */ = {isa = PBXBuildFile; fileRef = 3690443D2550FE2800E413BE /* TFYNavigationBar.m */; };
		369044632551067100E413BE /* UIImage+TFYCategory.m in Sources */ = {isa = PBXBuildFile; fileRef = 369044622551067100E413BE /* UIImage+TFYCategory.m */; };
		36904472255129AF00E413BE /* UIScrollView+TFYCategory.m in Sources */ = {isa = PBXBuildFile; fileRef = 36904471255129AF00E413BE /* UIScrollView+TFYCategory.m */; };
		3690449C25513F8C00E413BE /* TFYPushTransitionAnimation.m in Sources */ = {isa = PBXBuildFile; fileRef = 3690449525513F8B00E413BE /* TFYPushTransitionAnimation.m */; };
		3690449D25513F8C00E413BE /* TFYDelegateHandler.m in Sources */ = {isa = PBXBuildFile; fileRef = 3690449825513F8B00E413BE /* TFYDelegateHandler.m */; };
		3690449E25513F8C00E413BE /* TFYPopTransitionAnimation.m in Sources */ = {isa = PBXBuildFile; fileRef = 3690449925513F8B00E413BE /* TFYPopTransitionAnimation.m */; };
		3690449F25513F8C00E413BE /* TFYBaseTransitionAnimation.m in Sources */ = {isa = PBXBuildFile; fileRef = 3690449B25513F8B00E413BE /* TFYBaseTransitionAnimation.m */; };
		36D56FB62545606B0095323D /* TFY_NavigationImage.bundle in Resources */ = {isa = PBXBuildFile; fileRef = 36D56FB52545606B0095323D /* TFY_NavigationImage.bundle */; };
		36D5702225458E0B0095323D /* TFY_NavigationController.m in Sources */ = {isa = PBXBuildFile; fileRef = 36D5701F25458E0B0095323D /* TFY_NavigationController.m */; };
		36F1F5C62556BB21003C1C05 /* NAV_MainViewController.m in Sources */ = {isa = PBXBuildFile; fileRef = 36F1F5C52556BB21003C1C05 /* NAV_MainViewController.m */; };
		565AFAB2247B985900FF5323 /* TFY_PageControllerConfig.m in Sources */ = {isa = PBXBuildFile; fileRef = 565AFAB1247B985900FF5323 /* TFY_PageControllerConfig.m */; };
		565AFAB5247B9A0A00FF5323 /* TFY_PageControllerUtil.m in Sources */ = {isa = PBXBuildFile; fileRef = 565AFAB4247B9A0A00FF5323 /* TFY_PageControllerUtil.m */; };
		565AFAB8247B9C1800FF5323 /* TFY_PageTitleCell.m in Sources */ = {isa = PBXBuildFile; fileRef = 565AFAB7247B9C1800FF5323 /* TFY_PageTitleCell.m */; };
		565AFABB247B9D2100FF5323 /* TFY_PageBasicTitleView.m in Sources */ = {isa = PBXBuildFile; fileRef = 565AFABA247B9D2100FF5323 /* TFY_PageBasicTitleView.m */; };
		565AFABE247B9E8E00FF5323 /* TFY_PageSegmentedTitleView.m in Sources */ = {isa = PBXBuildFile; fileRef = 565AFABD247B9E8E00FF5323 /* TFY_PageSegmentedTitleView.m */; };
		565AFAC1247B9F0E00FF5323 /* TFY_PageViewController.m in Sources */ = {isa = PBXBuildFile; fileRef = 565AFAC0247B9F0E00FF5323 /* TFY_PageViewController.m */; };
		B7CE90D3A6F92F2671888F9F /* Pods_TFY_Navigation_TFY_NavigationUITests.framework in Frameworks */ = {isa = PBXBuildFile; fileRef = C7CBB529E143F6294173A601 /* Pods_TFY_Navigation_TFY_NavigationUITests.framework */; };
		C32B7B60FCF3833C9B6F5722 /* Pods_TFY_NavigationTests.framework in Frameworks */ = {isa = PBXBuildFile; fileRef = 03B113AD07938AF65D3C18E1 /* Pods_TFY_NavigationTests.framework */; };
/* End PBXBuildFile section */

/* Begin PBXContainerItemProxy section */
		3624207F229649C000AFE2B2 /* PBXContainerItemProxy */ = {
			isa = PBXContainerItemProxy;
			containerPortal = 3624205E229649BF00AFE2B2 /* Project object */;
			proxyType = 1;
			remoteGlobalIDString = 36242065229649BF00AFE2B2;
			remoteInfo = TFY_Navigation;
		};
		3624208A229649C000AFE2B2 /* PBXContainerItemProxy */ = {
			isa = PBXContainerItemProxy;
			containerPortal = 3624205E229649BF00AFE2B2 /* Project object */;
			proxyType = 1;
			remoteGlobalIDString = 36242065229649BF00AFE2B2;
			remoteInfo = TFY_Navigation;
		};
/* End PBXContainerItemProxy section */

/* Begin PBXFileReference section */
		03B113AD07938AF65D3C18E1 /* Pods_TFY_NavigationTests.framework */ = {isa = PBXFileReference; explicitFileType = wrapper.framework; includeInIndex = 0; path = Pods_TFY_NavigationTests.framework; sourceTree = BUILT_PRODUCTS_DIR; };
		07FE2B01F9FD1218E9749EEC /* Pods-TFY_Navigation.debug.xcconfig */ = {isa = PBXFileReference; includeInIndex = 1; lastKnownFileType = text.xcconfig; name = "Pods-TFY_Navigation.debug.xcconfig"; path = "Target Support Files/Pods-TFY_Navigation/Pods-TFY_Navigation.debug.xcconfig"; sourceTree = "<group>"; };
		0F45F38CE9B03DE74357644F /* Pods-TFY_NavigationTests.release.xcconfig */ = {isa = PBXFileReference; includeInIndex = 1; lastKnownFileType = text.xcconfig; name = "Pods-TFY_NavigationTests.release.xcconfig"; path = "Target Support Files/Pods-TFY_NavigationTests/Pods-TFY_NavigationTests.release.xcconfig"; sourceTree = "<group>"; };
		29018E2143133F7AD73E672B /* Pods_TFY_Navigation.framework */ = {isa = PBXFileReference; explicitFileType = wrapper.framework; includeInIndex = 0; path = Pods_TFY_Navigation.framework; sourceTree = BUILT_PRODUCTS_DIR; };
		36242066229649BF00AFE2B2 /* TFY_Navigation.app */ = {isa = PBXFileReference; explicitFileType = wrapper.application; includeInIndex = 0; path = TFY_Navigation.app; sourceTree = BUILT_PRODUCTS_DIR; };
		36242069229649BF00AFE2B2 /* AppDelegate.h */ = {isa = PBXFileReference; lastKnownFileType = sourcecode.c.h; path = AppDelegate.h; sourceTree = "<group>"; };
		3624206A229649BF00AFE2B2 /* AppDelegate.m */ = {isa = PBXFileReference; lastKnownFileType = sourcecode.c.objc; path = AppDelegate.m; sourceTree = "<group>"; };
		3624206C229649BF00AFE2B2 /* ViewController.h */ = {isa = PBXFileReference; lastKnownFileType = sourcecode.c.h; path = ViewController.h; sourceTree = "<group>"; };
		3624206D229649BF00AFE2B2 /* ViewController.m */ = {isa = PBXFileReference; lastKnownFileType = sourcecode.c.objc; path = ViewController.m; sourceTree = "<group>"; };
		36242072229649C000AFE2B2 /* Assets.xcassets */ = {isa = PBXFileReference; lastKnownFileType = folder.assetcatalog; path = Assets.xcassets; sourceTree = "<group>"; };
		36242075229649C000AFE2B2 /* Base */ = {isa = PBXFileReference; lastKnownFileType = file.storyboard; name = Base; path = Base.lproj/LaunchScreen.storyboard; sourceTree = "<group>"; };
		36242077229649C000AFE2B2 /* Info.plist */ = {isa = PBXFileReference; lastKnownFileType = text.plist.xml; path = Info.plist; sourceTree = "<group>"; };
		36242078229649C000AFE2B2 /* main.m */ = {isa = PBXFileReference; lastKnownFileType = sourcecode.c.objc; path = main.m; sourceTree = "<group>"; };
		3624207E229649C000AFE2B2 /* TFY_NavigationTests.xctest */ = {isa = PBXFileReference; explicitFileType = wrapper.cfbundle; includeInIndex = 0; path = TFY_NavigationTests.xctest; sourceTree = BUILT_PRODUCTS_DIR; };
		36242082229649C000AFE2B2 /* TFY_NavigationTests.m */ = {isa = PBXFileReference; lastKnownFileType = sourcecode.c.objc; path = TFY_NavigationTests.m; sourceTree = "<group>"; };
		36242084229649C000AFE2B2 /* Info.plist */ = {isa = PBXFileReference; lastKnownFileType = text.plist.xml; path = Info.plist; sourceTree = "<group>"; };
		36242089229649C000AFE2B2 /* TFY_NavigationUITests.xctest */ = {isa = PBXFileReference; explicitFileType = wrapper.cfbundle; includeInIndex = 0; path = TFY_NavigationUITests.xctest; sourceTree = BUILT_PRODUCTS_DIR; };
		3624208D229649C000AFE2B2 /* TFY_NavigationUITests.m */ = {isa = PBXFileReference; lastKnownFileType = sourcecode.c.objc; path = TFY_NavigationUITests.m; sourceTree = "<group>"; };
		3624208F229649C000AFE2B2 /* Info.plist */ = {isa = PBXFileReference; lastKnownFileType = text.plist.xml; path = Info.plist; sourceTree = "<group>"; };
		3624209C229649EC00AFE2B2 /* TFY_Navigation.h */ = {isa = PBXFileReference; fileEncoding = 4; lastKnownFileType = sourcecode.c.h; path = TFY_Navigation.h; sourceTree = "<group>"; };
		3683FDE124F1D69D005CF078 /* CustomTitleCellExampleVC2.h */ = {isa = PBXFileReference; fileEncoding = 4; lastKnownFileType = sourcecode.c.h; path = CustomTitleCellExampleVC2.h; sourceTree = "<group>"; };
		3683FDE224F1D69D005CF078 /* OtherAppExampleListVC.h */ = {isa = PBXFileReference; fileEncoding = 4; lastKnownFileType = sourcecode.c.h; path = OtherAppExampleListVC.h; sourceTree = "<group>"; };
		3683FDE324F1D69D005CF078 /* CustomTitleCellExampleVC3.m */ = {isa = PBXFileReference; fileEncoding = 4; lastKnownFileType = sourcecode.c.objc; path = CustomTitleCellExampleVC3.m; sourceTree = "<group>"; };
		3683FDE424F1D69D005CF078 /* CustomTitleCellExampleVC2.m */ = {isa = PBXFileReference; fileEncoding = 4; lastKnownFileType = sourcecode.c.objc; path = CustomTitleCellExampleVC2.m; sourceTree = "<group>"; };
		3683FDE524F1D69D005CF078 /* OtherAppExampleListVC.m */ = {isa = PBXFileReference; fileEncoding = 4; lastKnownFileType = sourcecode.c.objc; path = OtherAppExampleListVC.m; sourceTree = "<group>"; };
		3683FDE724F1D69D005CF078 /* CustomPageTitleCell2.h */ = {isa = PBXFileReference; fileEncoding = 4; lastKnownFileType = sourcecode.c.h; path = CustomPageTitleCell2.h; sourceTree = "<group>"; };
		3683FDE824F1D69D005CF078 /* CustomPageTitleCell3.m */ = {isa = PBXFileReference; fileEncoding = 4; lastKnownFileType = sourcecode.c.objc; path = CustomPageTitleCell3.m; sourceTree = "<group>"; };
		3683FDE924F1D69D005CF078 /* CustomPageTitleCell2.m */ = {isa = PBXFileReference; fileEncoding = 4; lastKnownFileType = sourcecode.c.objc; path = CustomPageTitleCell2.m; sourceTree = "<group>"; };
		3683FDEA24F1D69D005CF078 /* CustomPageTitleCell3.h */ = {isa = PBXFileReference; fileEncoding = 4; lastKnownFileType = sourcecode.c.h; path = CustomPageTitleCell3.h; sourceTree = "<group>"; };
		3683FDEB24F1D69D005CF078 /* CustomTitleCellExampleVC3.h */ = {isa = PBXFileReference; fileEncoding = 4; lastKnownFileType = sourcecode.c.h; path = CustomTitleCellExampleVC3.h; sourceTree = "<group>"; };
		3683FDED24F1D69D005CF078 /* CommonTableViewController.h */ = {isa = PBXFileReference; fileEncoding = 4; lastKnownFileType = sourcecode.c.h; path = CommonTableViewController.h; sourceTree = "<group>"; };
		3683FDEE24F1D69D005CF078 /* CommonPageViewController.m */ = {isa = PBXFileReference; fileEncoding = 4; lastKnownFileType = sourcecode.c.objc; path = CommonPageViewController.m; sourceTree = "<group>"; };
		3683FDEF24F1D69D005CF078 /* CommonPageViewController.h */ = {isa = PBXFileReference; fileEncoding = 4; lastKnownFileType = sourcecode.c.h; path = CommonPageViewController.h; sourceTree = "<group>"; };
		3683FDF024F1D69D005CF078 /* CommonTableViewController.m */ = {isa = PBXFileReference; fileEncoding = 4; lastKnownFileType = sourcecode.c.objc; path = CommonTableViewController.m; sourceTree = "<group>"; };
		3683FDF224F1D69D005CF078 /* BasicFunctionListVC.h */ = {isa = PBXFileReference; fileEncoding = 4; lastKnownFileType = sourcecode.c.h; path = BasicFunctionListVC.h; sourceTree = "<group>"; };
		3683FDF324F1D69D005CF078 /* BasicFunctionListVC.m */ = {isa = PBXFileReference; fileEncoding = 4; lastKnownFileType = sourcecode.c.objc; path = BasicFunctionListVC.m; sourceTree = "<group>"; };
		3683FDF524F1D69D005CF078 /* SpecialUseExampleVC.m */ = {isa = PBXFileReference; fileEncoding = 4; lastKnownFileType = sourcecode.c.objc; path = SpecialUseExampleVC.m; sourceTree = "<group>"; };
		3683FDF624F1D69D005CF078 /* CustomTitleCellExampleVC1.h */ = {isa = PBXFileReference; fileEncoding = 4; lastKnownFileType = sourcecode.c.h; path = CustomTitleCellExampleVC1.h; sourceTree = "<group>"; };
		3683FDF724F1D69D005CF078 /* SwitchByHandExampleVC.m */ = {isa = PBXFileReference; fileEncoding = 4; lastKnownFileType = sourcecode.c.objc; path = SwitchByHandExampleVC.m; sourceTree = "<group>"; };
		3683FDF824F1D69D005CF078 /* ChildViewConflictExampleVC.h */ = {isa = PBXFileReference; fileEncoding = 4; lastKnownFileType = sourcecode.c.h; path = ChildViewConflictExampleVC.h; sourceTree = "<group>"; };
		3683FDF924F1D69D005CF078 /* MultiLevelExampleVC.m */ = {isa = PBXFileReference; fileEncoding = 4; lastKnownFileType = sourcecode.c.objc; path = MultiLevelExampleVC.m; sourceTree = "<group>"; };
		3683FDFA24F1D69D005CF078 /* ChannelManageExampleVC.h */ = {isa = PBXFileReference; fileEncoding = 4; lastKnownFileType = sourcecode.c.h; path = ChannelManageExampleVC.h; sourceTree = "<group>"; };
		3683FDFB24F1D69D005CF078 /* SpecialUseExampleVC.h */ = {isa = PBXFileReference; fileEncoding = 4; lastKnownFileType = sourcecode.c.h; path = SpecialUseExampleVC.h; sourceTree = "<group>"; };
		3683FDFD24F1D69D005CF078 /* CustomPageTitleCell1.h */ = {isa = PBXFileReference; fileEncoding = 4; lastKnownFileType = sourcecode.c.h; path = CustomPageTitleCell1.h; sourceTree = "<group>"; };
		3683FDFE24F1D69D005CF078 /* CustomPageTitleCell1.m */ = {isa = PBXFileReference; fileEncoding = 4; lastKnownFileType = sourcecode.c.objc; path = CustomPageTitleCell1.m; sourceTree = "<group>"; };
		3683FDFF24F1D69D005CF078 /* SwitchByHandExampleVC.h */ = {isa = PBXFileReference; fileEncoding = 4; lastKnownFileType = sourcecode.c.h; path = SwitchByHandExampleVC.h; sourceTree = "<group>"; };
		3683FE0024F1D69D005CF078 /* CustomTitleCellExampleVC1.m */ = {isa = PBXFileReference; fileEncoding = 4; lastKnownFileType = sourcecode.c.objc; path = CustomTitleCellExampleVC1.m; sourceTree = "<group>"; };
		3683FE0124F1D69D005CF078 /* ChannelManageExampleVC.m */ = {isa = PBXFileReference; fileEncoding = 4; lastKnownFileType = sourcecode.c.objc; path = ChannelManageExampleVC.m; sourceTree = "<group>"; };
		3683FE0224F1D69D005CF078 /* MultiLevelExampleVC.h */ = {isa = PBXFileReference; fileEncoding = 4; lastKnownFileType = sourcecode.c.h; path = MultiLevelExampleVC.h; sourceTree = "<group>"; };
		3683FE0324F1D69D005CF078 /* ChildViewConflictExampleVC.m */ = {isa = PBXFileReference; fileEncoding = 4; lastKnownFileType = sourcecode.c.objc; path = ChildViewConflictExampleVC.m; sourceTree = "<group>"; };
		3683FE0624F1D69D005CF078 /* XLChannelControl.m */ = {isa = PBXFileReference; fileEncoding = 4; lastKnownFileType = sourcecode.c.objc; path = XLChannelControl.m; sourceTree = "<group>"; };
		3683FE0724F1D69D005CF078 /* XLChannelView.h */ = {isa = PBXFileReference; fileEncoding = 4; lastKnownFileType = sourcecode.c.h; path = XLChannelView.h; sourceTree = "<group>"; };
		3683FE0824F1D69D005CF078 /* XLChannelHeader.h */ = {isa = PBXFileReference; fileEncoding = 4; lastKnownFileType = sourcecode.c.h; path = XLChannelHeader.h; sourceTree = "<group>"; };
		3683FE0924F1D69D005CF078 /* XLChannelItem.h */ = {isa = PBXFileReference; fileEncoding = 4; lastKnownFileType = sourcecode.c.h; path = XLChannelItem.h; sourceTree = "<group>"; };
		3683FE0A24F1D69D005CF078 /* XLChannelHeader.m */ = {isa = PBXFileReference; fileEncoding = 4; lastKnownFileType = sourcecode.c.objc; path = XLChannelHeader.m; sourceTree = "<group>"; };
		3683FE0B24F1D69D005CF078 /* XLChannelView.m */ = {isa = PBXFileReference; fileEncoding = 4; lastKnownFileType = sourcecode.c.objc; path = XLChannelView.m; sourceTree = "<group>"; };
		3683FE0C24F1D69D005CF078 /* XLChannelControl.h */ = {isa = PBXFileReference; fileEncoding = 4; lastKnownFileType = sourcecode.c.h; path = XLChannelControl.h; sourceTree = "<group>"; };
		3683FE0D24F1D69D005CF078 /* XLChannelItem.m */ = {isa = PBXFileReference; fileEncoding = 4; lastKnownFileType = sourcecode.c.objc; path = XLChannelItem.m; sourceTree = "<group>"; };
		3683FE2124F1D6D2005CF078 /* NAV_OneController.h */ = {isa = PBXFileReference; lastKnownFileType = sourcecode.c.h; path = NAV_OneController.h; sourceTree = "<group>"; };
		3683FE2224F1D6D2005CF078 /* NAV_OneController.m */ = {isa = PBXFileReference; lastKnownFileType = sourcecode.c.objc; path = NAV_OneController.m; sourceTree = "<group>"; };
		3683FE2424F1D6E6005CF078 /* NAV_TwoController.h */ = {isa = PBXFileReference; lastKnownFileType = sourcecode.c.h; path = NAV_TwoController.h; sourceTree = "<group>"; };
		3683FE2524F1D6E6005CF078 /* NAV_TwoController.m */ = {isa = PBXFileReference; lastKnownFileType = sourcecode.c.objc; path = NAV_TwoController.m; sourceTree = "<group>"; };
		3683FE2724F1D6FA005CF078 /* NAV_ThreeController.h */ = {isa = PBXFileReference; lastKnownFileType = sourcecode.c.h; path = NAV_ThreeController.h; sourceTree = "<group>"; };
		3683FE2824F1D6FA005CF078 /* NAV_ThreeController.m */ = {isa = PBXFileReference; lastKnownFileType = sourcecode.c.objc; path = NAV_ThreeController.m; sourceTree = "<group>"; };
		368F25B9254BF00A002A1D38 /* NAV_FourViewController.h */ = {isa = PBXFileReference; lastKnownFileType = sourcecode.c.h; path = NAV_FourViewController.h; sourceTree = "<group>"; };
		368F25BA254BF00A002A1D38 /* NAV_FourViewController.m */ = {isa = PBXFileReference; lastKnownFileType = sourcecode.c.objc; path = NAV_FourViewController.m; sourceTree = "<group>"; };
		368F25BF254BF021002A1D38 /* NAV_FiveViewController.h */ = {isa = PBXFileReference; lastKnownFileType = sourcecode.c.h; path = NAV_FiveViewController.h; sourceTree = "<group>"; };
		368F25C0254BF021002A1D38 /* NAV_FiveViewController.m */ = {isa = PBXFileReference; lastKnownFileType = sourcecode.c.objc; path = NAV_FiveViewController.m; sourceTree = "<group>"; };
		368F25C5254BF035002A1D38 /* NAV_SixViewController.h */ = {isa = PBXFileReference; lastKnownFileType = sourcecode.c.h; path = NAV_SixViewController.h; sourceTree = "<group>"; };
		368F25C6254BF035002A1D38 /* NAV_SixViewController.m */ = {isa = PBXFileReference; lastKnownFileType = sourcecode.c.objc; path = NAV_SixViewController.m; sourceTree = "<group>"; };
		368F25CB254BF050002A1D38 /* NAV_SevenViewController.h */ = {isa = PBXFileReference; lastKnownFileType = sourcecode.c.h; path = NAV_SevenViewController.h; sourceTree = "<group>"; };
		368F25CC254BF050002A1D38 /* NAV_SevenViewController.m */ = {isa = PBXFileReference; lastKnownFileType = sourcecode.c.objc; path = NAV_SevenViewController.m; sourceTree = "<group>"; };
		368F25E4254BF408002A1D38 /* TFY_TabBarController.h */ = {isa = PBXFileReference; lastKnownFileType = sourcecode.c.h; path = TFY_TabBarController.h; sourceTree = "<group>"; };
		368F25E5254BF408002A1D38 /* TFY_TabBarController.m */ = {isa = PBXFileReference; lastKnownFileType = sourcecode.c.objc; path = TFY_TabBarController.m; sourceTree = "<group>"; };
		3690442D2550FE2800E413BE /* UIViewController+TFYCategory.h */ = {isa = PBXFileReference; fileEncoding = 4; lastKnownFileType = sourcecode.c.h; path = "UIViewController+TFYCategory.h"; sourceTree = "<group>"; };
		3690442E2550FE2800E413BE /* UINavigationItem+TFYCategory.h */ = {isa = PBXFileReference; fileEncoding = 4; lastKnownFileType = sourcecode.c.h; path = "UINavigationItem+TFYCategory.h"; sourceTree = "<group>"; };
		369044302550FE2800E413BE /* UIBarButtonItem+TFYCategory.h */ = {isa = PBXFileReference; fileEncoding = 4; lastKnownFileType = sourcecode.c.h; path = "UIBarButtonItem+TFYCategory.h"; sourceTree = "<group>"; };
		369044312550FE2800E413BE /* UINavigationController+TFYCategory.m */ = {isa = PBXFileReference; fileEncoding = 4; lastKnownFileType = sourcecode.c.objc; path = "UINavigationController+TFYCategory.m"; sourceTree = "<group>"; };
		369044332550FE2800E413BE /* UINavigationItem+TFYCategory.m */ = {isa = PBXFileReference; fileEncoding = 4; lastKnownFileType = sourcecode.c.objc; path = "UINavigationItem+TFYCategory.m"; sourceTree = "<group>"; };
		369044342550FE2800E413BE /* UIViewController+TFYCategory.m */ = {isa = PBXFileReference; fileEncoding = 4; lastKnownFileType = sourcecode.c.objc; path = "UIViewController+TFYCategory.m"; sourceTree = "<group>"; };
		369044372550FE2800E413BE /* UINavigationController+TFYCategory.h */ = {isa = PBXFileReference; fileEncoding = 4; lastKnownFileType = sourcecode.c.h; path = "UINavigationController+TFYCategory.h"; sourceTree = "<group>"; };
		369044382550FE2800E413BE /* UIBarButtonItem+TFYCategory.m */ = {isa = PBXFileReference; fileEncoding = 4; lastKnownFileType = sourcecode.c.objc; path = "UIBarButtonItem+TFYCategory.m"; sourceTree = "<group>"; };
		3690443C2550FE2800E413BE /* TFYNavigationBarConfigure.m */ = {isa = PBXFileReference; fileEncoding = 4; lastKnownFileType = sourcecode.c.objc; path = TFYNavigationBarConfigure.m; sourceTree = "<group>"; };
		3690443D2550FE2800E413BE /* TFYNavigationBar.m */ = {isa = PBXFileReference; fileEncoding = 4; lastKnownFileType = sourcecode.c.objc; path = TFYNavigationBar.m; sourceTree = "<group>"; };
		369044422550FE2800E413BE /* TFYNavigationBarConfigure.h */ = {isa = PBXFileReference; fileEncoding = 4; lastKnownFileType = sourcecode.c.h; path = TFYNavigationBarConfigure.h; sourceTree = "<group>"; };
		369044432550FE2800E413BE /* TFYCommon.h */ = {isa = PBXFileReference; fileEncoding = 4; lastKnownFileType = sourcecode.c.h; path = TFYCommon.h; sourceTree = "<group>"; };
		369044452550FE2800E413BE /* TFYNavigationBar.h */ = {isa = PBXFileReference; fileEncoding = 4; lastKnownFileType = sourcecode.c.h; path = TFYNavigationBar.h; sourceTree = "<group>"; };
		369044612551067100E413BE /* UIImage+TFYCategory.h */ = {isa = PBXFileReference; fileEncoding = 4; lastKnownFileType = sourcecode.c.h; path = "UIImage+TFYCategory.h"; sourceTree = "<group>"; };
		369044622551067100E413BE /* UIImage+TFYCategory.m */ = {isa = PBXFileReference; fileEncoding = 4; lastKnownFileType = sourcecode.c.objc; path = "UIImage+TFYCategory.m"; sourceTree = "<group>"; };
		36904470255129AF00E413BE /* UIScrollView+TFYCategory.h */ = {isa = PBXFileReference; lastKnownFileType = sourcecode.c.h; path = "UIScrollView+TFYCategory.h"; sourceTree = "<group>"; };
		36904471255129AF00E413BE /* UIScrollView+TFYCategory.m */ = {isa = PBXFileReference; lastKnownFileType = sourcecode.c.objc; path = "UIScrollView+TFYCategory.m"; sourceTree = "<group>"; };
		3690449425513F8B00E413BE /* TFYDelegateHandler.h */ = {isa = PBXFileReference; fileEncoding = 4; lastKnownFileType = sourcecode.c.h; path = TFYDelegateHandler.h; sourceTree = "<group>"; };
		3690449525513F8B00E413BE /* TFYPushTransitionAnimation.m */ = {isa = PBXFileReference; fileEncoding = 4; lastKnownFileType = sourcecode.c.objc; path = TFYPushTransitionAnimation.m; sourceTree = "<group>"; };
		3690449625513F8B00E413BE /* TFYBaseTransitionAnimation.h */ = {isa = PBXFileReference; fileEncoding = 4; lastKnownFileType = sourcecode.c.h; path = TFYBaseTransitionAnimation.h; sourceTree = "<group>"; };
		3690449725513F8B00E413BE /* TFYPushTransitionAnimation.h */ = {isa = PBXFileReference; fileEncoding = 4; lastKnownFileType = sourcecode.c.h; path = TFYPushTransitionAnimation.h; sourceTree = "<group>"; };
		3690449825513F8B00E413BE /* TFYDelegateHandler.m */ = {isa = PBXFileReference; fileEncoding = 4; lastKnownFileType = sourcecode.c.objc; path = TFYDelegateHandler.m; sourceTree = "<group>"; };
		3690449925513F8B00E413BE /* TFYPopTransitionAnimation.m */ = {isa = PBXFileReference; fileEncoding = 4; lastKnownFileType = sourcecode.c.objc; path = TFYPopTransitionAnimation.m; sourceTree = "<group>"; };
		3690449A25513F8B00E413BE /* TFYPopTransitionAnimation.h */ = {isa = PBXFileReference; fileEncoding = 4; lastKnownFileType = sourcecode.c.h; path = TFYPopTransitionAnimation.h; sourceTree = "<group>"; };
		3690449B25513F8B00E413BE /* TFYBaseTransitionAnimation.m */ = {isa = PBXFileReference; fileEncoding = 4; lastKnownFileType = sourcecode.c.objc; path = TFYBaseTransitionAnimation.m; sourceTree = "<group>"; };
		3693EC1A2559174B00BB08A3 /* TFYCategory.h */ = {isa = PBXFileReference; lastKnownFileType = sourcecode.c.h; path = TFYCategory.h; sourceTree = "<group>"; };
		36D56FB52545606B0095323D /* TFY_NavigationImage.bundle */ = {isa = PBXFileReference; lastKnownFileType = "wrapper.plug-in"; path = TFY_NavigationImage.bundle; sourceTree = "<group>"; };
		36D5701F25458E0B0095323D /* TFY_NavigationController.m */ = {isa = PBXFileReference; fileEncoding = 4; lastKnownFileType = sourcecode.c.objc; path = TFY_NavigationController.m; sourceTree = "<group>"; };
		36D5702125458E0B0095323D /* TFY_NavigationController.h */ = {isa = PBXFileReference; fileEncoding = 4; lastKnownFileType = sourcecode.c.h; path = TFY_NavigationController.h; sourceTree = "<group>"; };
		36F1F5C42556BB21003C1C05 /* NAV_MainViewController.h */ = {isa = PBXFileReference; lastKnownFileType = sourcecode.c.h; path = NAV_MainViewController.h; sourceTree = "<group>"; };
		36F1F5C52556BB21003C1C05 /* NAV_MainViewController.m */ = {isa = PBXFileReference; lastKnownFileType = sourcecode.c.objc; path = NAV_MainViewController.m; sourceTree = "<group>"; };
		4E005F02273F596C1314D52E /* Pods-TFY_Navigation.release.xcconfig */ = {isa = PBXFileReference; includeInIndex = 1; lastKnownFileType = text.xcconfig; name = "Pods-TFY_Navigation.release.xcconfig"; path = "Target Support Files/Pods-TFY_Navigation/Pods-TFY_Navigation.release.xcconfig"; sourceTree = "<group>"; };
		565AFAB0247B985900FF5323 /* TFY_PageControllerConfig.h */ = {isa = PBXFileReference; lastKnownFileType = sourcecode.c.h; path = TFY_PageControllerConfig.h; sourceTree = "<group>"; };
		565AFAB1247B985900FF5323 /* TFY_PageControllerConfig.m */ = {isa = PBXFileReference; lastKnownFileType = sourcecode.c.objc; path = TFY_PageControllerConfig.m; sourceTree = "<group>"; };
		565AFAB3247B9A0A00FF5323 /* TFY_PageControllerUtil.h */ = {isa = PBXFileReference; lastKnownFileType = sourcecode.c.h; path = TFY_PageControllerUtil.h; sourceTree = "<group>"; };
		565AFAB4247B9A0A00FF5323 /* TFY_PageControllerUtil.m */ = {isa = PBXFileReference; lastKnownFileType = sourcecode.c.objc; path = TFY_PageControllerUtil.m; sourceTree = "<group>"; };
		565AFAB6247B9C1800FF5323 /* TFY_PageTitleCell.h */ = {isa = PBXFileReference; lastKnownFileType = sourcecode.c.h; path = TFY_PageTitleCell.h; sourceTree = "<group>"; };
		565AFAB7247B9C1800FF5323 /* TFY_PageTitleCell.m */ = {isa = PBXFileReference; lastKnownFileType = sourcecode.c.objc; path = TFY_PageTitleCell.m; sourceTree = "<group>"; };
		565AFAB9247B9D2100FF5323 /* TFY_PageBasicTitleView.h */ = {isa = PBXFileReference; lastKnownFileType = sourcecode.c.h; path = TFY_PageBasicTitleView.h; sourceTree = "<group>"; };
		565AFABA247B9D2100FF5323 /* TFY_PageBasicTitleView.m */ = {isa = PBXFileReference; lastKnownFileType = sourcecode.c.objc; path = TFY_PageBasicTitleView.m; sourceTree = "<group>"; };
		565AFABC247B9E8E00FF5323 /* TFY_PageSegmentedTitleView.h */ = {isa = PBXFileReference; lastKnownFileType = sourcecode.c.h; path = TFY_PageSegmentedTitleView.h; sourceTree = "<group>"; };
		565AFABD247B9E8E00FF5323 /* TFY_PageSegmentedTitleView.m */ = {isa = PBXFileReference; lastKnownFileType = sourcecode.c.objc; path = TFY_PageSegmentedTitleView.m; sourceTree = "<group>"; };
		565AFABF247B9F0E00FF5323 /* TFY_PageViewController.h */ = {isa = PBXFileReference; lastKnownFileType = sourcecode.c.h; path = TFY_PageViewController.h; sourceTree = "<group>"; };
		565AFAC0247B9F0E00FF5323 /* TFY_PageViewController.m */ = {isa = PBXFileReference; lastKnownFileType = sourcecode.c.objc; path = TFY_PageViewController.m; sourceTree = "<group>"; };
		565AFB05247BA21A00FF5323 /* PrefixHeader.pch */ = {isa = PBXFileReference; lastKnownFileType = sourcecode.c.h; path = PrefixHeader.pch; sourceTree = "<group>"; };
		7943A11C486D44176F366063 /* Pods-TFY_Navigation-TFY_NavigationUITests.debug.xcconfig */ = {isa = PBXFileReference; includeInIndex = 1; lastKnownFileType = text.xcconfig; name = "Pods-TFY_Navigation-TFY_NavigationUITests.debug.xcconfig"; path = "Target Support Files/Pods-TFY_Navigation-TFY_NavigationUITests/Pods-TFY_Navigation-TFY_NavigationUITests.debug.xcconfig"; sourceTree = "<group>"; };
		C7CBB529E143F6294173A601 /* Pods_TFY_Navigation_TFY_NavigationUITests.framework */ = {isa = PBXFileReference; explicitFileType = wrapper.framework; includeInIndex = 0; path = Pods_TFY_Navigation_TFY_NavigationUITests.framework; sourceTree = BUILT_PRODUCTS_DIR; };
		CF7E3ABDAA0CCA961CB7B078 /* Pods-TFY_NavigationTests.debug.xcconfig */ = {isa = PBXFileReference; includeInIndex = 1; lastKnownFileType = text.xcconfig; name = "Pods-TFY_NavigationTests.debug.xcconfig"; path = "Target Support Files/Pods-TFY_NavigationTests/Pods-TFY_NavigationTests.debug.xcconfig"; sourceTree = "<group>"; };
		F6A4F1CEFA7E33F0D0E2F43B /* Pods-TFY_Navigation-TFY_NavigationUITests.release.xcconfig */ = {isa = PBXFileReference; includeInIndex = 1; lastKnownFileType = text.xcconfig; name = "Pods-TFY_Navigation-TFY_NavigationUITests.release.xcconfig"; path = "Target Support Files/Pods-TFY_Navigation-TFY_NavigationUITests/Pods-TFY_Navigation-TFY_NavigationUITests.release.xcconfig"; sourceTree = "<group>"; };
/* End PBXFileReference section */

/* Begin PBXFrameworksBuildPhase section */
		36242063229649BF00AFE2B2 /* Frameworks */ = {
			isa = PBXFrameworksBuildPhase;
			buildActionMask = 2147483647;
			files = (
				21A89EA2374E4C79F7BAC2B7 /* Pods_TFY_Navigation.framework in Frameworks */,
			);
			runOnlyForDeploymentPostprocessing = 0;
		};
		3624207B229649C000AFE2B2 /* Frameworks */ = {
			isa = PBXFrameworksBuildPhase;
			buildActionMask = 2147483647;
			files = (
				C32B7B60FCF3833C9B6F5722 /* Pods_TFY_NavigationTests.framework in Frameworks */,
			);
			runOnlyForDeploymentPostprocessing = 0;
		};
		36242086229649C000AFE2B2 /* Frameworks */ = {
			isa = PBXFrameworksBuildPhase;
			buildActionMask = 2147483647;
			files = (
				B7CE90D3A6F92F2671888F9F /* Pods_TFY_Navigation_TFY_NavigationUITests.framework in Frameworks */,
			);
			runOnlyForDeploymentPostprocessing = 0;
		};
/* End PBXFrameworksBuildPhase section */

/* Begin PBXGroup section */
		3624205D229649BF00AFE2B2 = {
			isa = PBXGroup;
			children = (
				36242068229649BF00AFE2B2 /* TFY_Navigation */,
				36242081229649C000AFE2B2 /* TFY_NavigationTests */,
				3624208C229649C000AFE2B2 /* TFY_NavigationUITests */,
				36242067229649BF00AFE2B2 /* Products */,
				6E1466816A379C95CA80B705 /* Pods */,
				EED8AECBAF85D338F2739BF8 /* Frameworks */,
			);
			sourceTree = "<group>";
		};
		36242067229649BF00AFE2B2 /* Products */ = {
			isa = PBXGroup;
			children = (
				36242066229649BF00AFE2B2 /* TFY_Navigation.app */,
				3624207E229649C000AFE2B2 /* TFY_NavigationTests.xctest */,
				36242089229649C000AFE2B2 /* TFY_NavigationUITests.xctest */,
			);
			name = Products;
			sourceTree = "<group>";
		};
		36242068229649BF00AFE2B2 /* TFY_Navigation */ = {
			isa = PBXGroup;
			children = (
				565AFB04247BA21200FF5323 /* PCH */,
				565AFAC2247BA0E500FF5323 /* Example */,
				3624209B229649EC00AFE2B2 /* TFY_Navigation */,
				36242069229649BF00AFE2B2 /* AppDelegate.h */,
				3624206A229649BF00AFE2B2 /* AppDelegate.m */,
				3624206C229649BF00AFE2B2 /* ViewController.h */,
				3624206D229649BF00AFE2B2 /* ViewController.m */,
				36242072229649C000AFE2B2 /* Assets.xcassets */,
				36242074229649C000AFE2B2 /* LaunchScreen.storyboard */,
				36242077229649C000AFE2B2 /* Info.plist */,
				36242078229649C000AFE2B2 /* main.m */,
			);
			path = TFY_Navigation;
			sourceTree = "<group>";
		};
		36242081229649C000AFE2B2 /* TFY_NavigationTests */ = {
			isa = PBXGroup;
			children = (
				36242082229649C000AFE2B2 /* TFY_NavigationTests.m */,
				36242084229649C000AFE2B2 /* Info.plist */,
			);
			path = TFY_NavigationTests;
			sourceTree = "<group>";
		};
		3624208C229649C000AFE2B2 /* TFY_NavigationUITests */ = {
			isa = PBXGroup;
			children = (
				3624208D229649C000AFE2B2 /* TFY_NavigationUITests.m */,
				3624208F229649C000AFE2B2 /* Info.plist */,
			);
			path = TFY_NavigationUITests;
			sourceTree = "<group>";
		};
		3624209B229649EC00AFE2B2 /* TFY_Navigation */ = {
			isa = PBXGroup;
			children = (
				36D56FB52545606B0095323D /* TFY_NavigationImage.bundle */,
				3624209C229649EC00AFE2B2 /* TFY_Navigation.h */,
				5667B85C23D6A047006CD91B /* TFY_NavControoler */,
				565AFAAF247B979300FF5323 /* TFY_PageController */,
			);
			path = TFY_Navigation;
			sourceTree = "<group>";
		};
		3683FDDE24F1D69D005CF078 /* NAV */ = {
			isa = PBXGroup;
			children = (
				3683FE2124F1D6D2005CF078 /* NAV_OneController.h */,
				3683FE2224F1D6D2005CF078 /* NAV_OneController.m */,
				3683FE2424F1D6E6005CF078 /* NAV_TwoController.h */,
				3683FE2524F1D6E6005CF078 /* NAV_TwoController.m */,
				3683FE2724F1D6FA005CF078 /* NAV_ThreeController.h */,
				3683FE2824F1D6FA005CF078 /* NAV_ThreeController.m */,
				368F25B9254BF00A002A1D38 /* NAV_FourViewController.h */,
				368F25BA254BF00A002A1D38 /* NAV_FourViewController.m */,
				368F25BF254BF021002A1D38 /* NAV_FiveViewController.h */,
				368F25C0254BF021002A1D38 /* NAV_FiveViewController.m */,
				368F25C5254BF035002A1D38 /* NAV_SixViewController.h */,
				368F25C6254BF035002A1D38 /* NAV_SixViewController.m */,
				368F25CB254BF050002A1D38 /* NAV_SevenViewController.h */,
				368F25CC254BF050002A1D38 /* NAV_SevenViewController.m */,
				36F1F5C42556BB21003C1C05 /* NAV_MainViewController.h */,
				36F1F5C52556BB21003C1C05 /* NAV_MainViewController.m */,
			);
			path = NAV;
			sourceTree = "<group>";
		};
		3683FDDF24F1D69D005CF078 /* PAGE */ = {
			isa = PBXGroup;
			children = (
				3683FDE024F1D69D005CF078 /* OtherAppExample */,
				3683FDEC24F1D69D005CF078 /* Common */,
				3683FDF124F1D69D005CF078 /* BasicFunctionExample */,
				3683FDF424F1D69D005CF078 /* SpecialUseExample */,
				3683FE0424F1D69D005CF078 /* Vendor */,
			);
			path = PAGE;
			sourceTree = "<group>";
		};
		3683FDE024F1D69D005CF078 /* OtherAppExample */ = {
			isa = PBXGroup;
			children = (
				3683FDE124F1D69D005CF078 /* CustomTitleCellExampleVC2.h */,
				3683FDE224F1D69D005CF078 /* OtherAppExampleListVC.h */,
				3683FDE324F1D69D005CF078 /* CustomTitleCellExampleVC3.m */,
				3683FDE424F1D69D005CF078 /* CustomTitleCellExampleVC2.m */,
				3683FDE524F1D69D005CF078 /* OtherAppExampleListVC.m */,
				3683FDE624F1D69D005CF078 /* View */,
				3683FDEB24F1D69D005CF078 /* CustomTitleCellExampleVC3.h */,
			);
			path = OtherAppExample;
			sourceTree = "<group>";
		};
		3683FDE624F1D69D005CF078 /* View */ = {
			isa = PBXGroup;
			children = (
				3683FDE724F1D69D005CF078 /* CustomPageTitleCell2.h */,
				3683FDE824F1D69D005CF078 /* CustomPageTitleCell3.m */,
				3683FDE924F1D69D005CF078 /* CustomPageTitleCell2.m */,
				3683FDEA24F1D69D005CF078 /* CustomPageTitleCell3.h */,
			);
			path = View;
			sourceTree = "<group>";
		};
		3683FDEC24F1D69D005CF078 /* Common */ = {
			isa = PBXGroup;
			children = (
				3683FDED24F1D69D005CF078 /* CommonTableViewController.h */,
				3683FDEE24F1D69D005CF078 /* CommonPageViewController.m */,
				3683FDEF24F1D69D005CF078 /* CommonPageViewController.h */,
				3683FDF024F1D69D005CF078 /* CommonTableViewController.m */,
			);
			path = Common;
			sourceTree = "<group>";
		};
		3683FDF124F1D69D005CF078 /* BasicFunctionExample */ = {
			isa = PBXGroup;
			children = (
				3683FDF224F1D69D005CF078 /* BasicFunctionListVC.h */,
				3683FDF324F1D69D005CF078 /* BasicFunctionListVC.m */,
			);
			path = BasicFunctionExample;
			sourceTree = "<group>";
		};
		3683FDF424F1D69D005CF078 /* SpecialUseExample */ = {
			isa = PBXGroup;
			children = (
				3683FDF524F1D69D005CF078 /* SpecialUseExampleVC.m */,
				3683FDF624F1D69D005CF078 /* CustomTitleCellExampleVC1.h */,
				3683FDF724F1D69D005CF078 /* SwitchByHandExampleVC.m */,
				3683FDF824F1D69D005CF078 /* ChildViewConflictExampleVC.h */,
				3683FDF924F1D69D005CF078 /* MultiLevelExampleVC.m */,
				3683FDFA24F1D69D005CF078 /* ChannelManageExampleVC.h */,
				3683FDFB24F1D69D005CF078 /* SpecialUseExampleVC.h */,
				3683FDFC24F1D69D005CF078 /* View */,
				3683FDFF24F1D69D005CF078 /* SwitchByHandExampleVC.h */,
				3683FE0024F1D69D005CF078 /* CustomTitleCellExampleVC1.m */,
				3683FE0124F1D69D005CF078 /* ChannelManageExampleVC.m */,
				3683FE0224F1D69D005CF078 /* MultiLevelExampleVC.h */,
				3683FE0324F1D69D005CF078 /* ChildViewConflictExampleVC.m */,
			);
			path = SpecialUseExample;
			sourceTree = "<group>";
		};
		3683FDFC24F1D69D005CF078 /* View */ = {
			isa = PBXGroup;
			children = (
				3683FDFD24F1D69D005CF078 /* CustomPageTitleCell1.h */,
				3683FDFE24F1D69D005CF078 /* CustomPageTitleCell1.m */,
			);
			path = View;
			sourceTree = "<group>";
		};
		3683FE0424F1D69D005CF078 /* Vendor */ = {
			isa = PBXGroup;
			children = (
				3683FE0524F1D69D005CF078 /* XLChannelControl */,
			);
			path = Vendor;
			sourceTree = "<group>";
		};
		3683FE0524F1D69D005CF078 /* XLChannelControl */ = {
			isa = PBXGroup;
			children = (
				3683FE0624F1D69D005CF078 /* XLChannelControl.m */,
				3683FE0724F1D69D005CF078 /* XLChannelView.h */,
				3683FE0824F1D69D005CF078 /* XLChannelHeader.h */,
				3683FE0924F1D69D005CF078 /* XLChannelItem.h */,
				3683FE0A24F1D69D005CF078 /* XLChannelHeader.m */,
				3683FE0B24F1D69D005CF078 /* XLChannelView.m */,
				3683FE0C24F1D69D005CF078 /* XLChannelControl.h */,
				3683FE0D24F1D69D005CF078 /* XLChannelItem.m */,
			);
			path = XLChannelControl;
			sourceTree = "<group>";
		};
		368F25E3254BF3D2002A1D38 /* TABBAR */ = {
			isa = PBXGroup;
			children = (
				368F25E4254BF408002A1D38 /* TFY_TabBarController.h */,
				368F25E5254BF408002A1D38 /* TFY_TabBarController.m */,
			);
			path = TABBAR;
			sourceTree = "<group>";
		};
		3690442C2550FE2800E413BE /* TFY_Category */ = {
			isa = PBXGroup;
			children = (
				3693EC1A2559174B00BB08A3 /* TFYCategory.h */,
				3690449425513F8B00E413BE /* TFYDelegateHandler.h */,
				3690449825513F8B00E413BE /* TFYDelegateHandler.m */,
				3690449625513F8B00E413BE /* TFYBaseTransitionAnimation.h */,
				3690449B25513F8B00E413BE /* TFYBaseTransitionAnimation.m */,
				3690449A25513F8B00E413BE /* TFYPopTransitionAnimation.h */,
				3690449925513F8B00E413BE /* TFYPopTransitionAnimation.m */,
				3690449725513F8B00E413BE /* TFYPushTransitionAnimation.h */,
				3690449525513F8B00E413BE /* TFYPushTransitionAnimation.m */,
				3690442D2550FE2800E413BE /* UIViewController+TFYCategory.h */,
				369044342550FE2800E413BE /* UIViewController+TFYCategory.m */,
				3690442E2550FE2800E413BE /* UINavigationItem+TFYCategory.h */,
				369044332550FE2800E413BE /* UINavigationItem+TFYCategory.m */,
				369044302550FE2800E413BE /* UIBarButtonItem+TFYCategory.h */,
				369044382550FE2800E413BE /* UIBarButtonItem+TFYCategory.m */,
				369044372550FE2800E413BE /* UINavigationController+TFYCategory.h */,
				369044312550FE2800E413BE /* UINavigationController+TFYCategory.m */,
				36904470255129AF00E413BE /* UIScrollView+TFYCategory.h */,
				36904471255129AF00E413BE /* UIScrollView+TFYCategory.m */,
			);
			path = TFY_Category;
			sourceTree = "<group>";
		};
		3690443A2550FE2800E413BE /* TFY_Configure */ = {
			isa = PBXGroup;
			children = (
				369044432550FE2800E413BE /* TFYCommon.h */,
				369044452550FE2800E413BE /* TFYNavigationBar.h */,
				3690443D2550FE2800E413BE /* TFYNavigationBar.m */,
				369044612551067100E413BE /* UIImage+TFYCategory.h */,
				369044622551067100E413BE /* UIImage+TFYCategory.m */,
				369044422550FE2800E413BE /* TFYNavigationBarConfigure.h */,
				3690443C2550FE2800E413BE /* TFYNavigationBarConfigure.m */,
			);
			path = TFY_Configure;
			sourceTree = "<group>";
		};
		36D56FB2254560020095323D /* TFY_NavigationKit */ = {
			isa = PBXGroup;
			children = (
				36D5702125458E0B0095323D /* TFY_NavigationController.h */,
				36D5701F25458E0B0095323D /* TFY_NavigationController.m */,
			);
			path = TFY_NavigationKit;
			sourceTree = "<group>";
		};
		565AFAAF247B979300FF5323 /* TFY_PageController */ = {
			isa = PBXGroup;
			children = (
				565AFAB0247B985900FF5323 /* TFY_PageControllerConfig.h */,
				565AFAB1247B985900FF5323 /* TFY_PageControllerConfig.m */,
				565AFAB3247B9A0A00FF5323 /* TFY_PageControllerUtil.h */,
				565AFAB4247B9A0A00FF5323 /* TFY_PageControllerUtil.m */,
				565AFAB6247B9C1800FF5323 /* TFY_PageTitleCell.h */,
				565AFAB7247B9C1800FF5323 /* TFY_PageTitleCell.m */,
				565AFAB9247B9D2100FF5323 /* TFY_PageBasicTitleView.h */,
				565AFABA247B9D2100FF5323 /* TFY_PageBasicTitleView.m */,
				565AFABC247B9E8E00FF5323 /* TFY_PageSegmentedTitleView.h */,
				565AFABD247B9E8E00FF5323 /* TFY_PageSegmentedTitleView.m */,
				565AFABF247B9F0E00FF5323 /* TFY_PageViewController.h */,
				565AFAC0247B9F0E00FF5323 /* TFY_PageViewController.m */,
			);
			path = TFY_PageController;
			sourceTree = "<group>";
		};
		565AFAC2247BA0E500FF5323 /* Example */ = {
			isa = PBXGroup;
			children = (
				368F25E3254BF3D2002A1D38 /* TABBAR */,
				3683FDDE24F1D69D005CF078 /* NAV */,
				3683FDDF24F1D69D005CF078 /* PAGE */,
			);
			path = Example;
			sourceTree = "<group>";
		};
		565AFB04247BA21200FF5323 /* PCH */ = {
			isa = PBXGroup;
			children = (
				565AFB05247BA21A00FF5323 /* PrefixHeader.pch */,
			);
			path = PCH;
			sourceTree = "<group>";
		};
		5667B85C23D6A047006CD91B /* TFY_NavControoler */ = {
			isa = PBXGroup;
			children = (
				3690442C2550FE2800E413BE /* TFY_Category */,
				3690443A2550FE2800E413BE /* TFY_Configure */,
				36D56FB2254560020095323D /* TFY_NavigationKit */,
			);
			path = TFY_NavControoler;
			sourceTree = "<group>";
		};
		6E1466816A379C95CA80B705 /* Pods */ = {
			isa = PBXGroup;
			children = (
				07FE2B01F9FD1218E9749EEC /* Pods-TFY_Navigation.debug.xcconfig */,
				4E005F02273F596C1314D52E /* Pods-TFY_Navigation.release.xcconfig */,
				7943A11C486D44176F366063 /* Pods-TFY_Navigation-TFY_NavigationUITests.debug.xcconfig */,
				F6A4F1CEFA7E33F0D0E2F43B /* Pods-TFY_Navigation-TFY_NavigationUITests.release.xcconfig */,
				CF7E3ABDAA0CCA961CB7B078 /* Pods-TFY_NavigationTests.debug.xcconfig */,
				0F45F38CE9B03DE74357644F /* Pods-TFY_NavigationTests.release.xcconfig */,
			);
			path = Pods;
			sourceTree = "<group>";
		};
		EED8AECBAF85D338F2739BF8 /* Frameworks */ = {
			isa = PBXGroup;
			children = (
				29018E2143133F7AD73E672B /* Pods_TFY_Navigation.framework */,
				C7CBB529E143F6294173A601 /* Pods_TFY_Navigation_TFY_NavigationUITests.framework */,
				03B113AD07938AF65D3C18E1 /* Pods_TFY_NavigationTests.framework */,
			);
			name = Frameworks;
			sourceTree = "<group>";
		};
/* End PBXGroup section */

/* Begin PBXNativeTarget section */
		36242065229649BF00AFE2B2 /* TFY_Navigation */ = {
			isa = PBXNativeTarget;
			buildConfigurationList = 36242092229649C000AFE2B2 /* Build configuration list for PBXNativeTarget "TFY_Navigation" */;
			buildPhases = (
				C0CE382E226C40138985822A /* [CP] Check Pods Manifest.lock */,
				36242062229649BF00AFE2B2 /* Sources */,
				36242063229649BF00AFE2B2 /* Frameworks */,
				36242064229649BF00AFE2B2 /* Resources */,
				B341347AA785F16F3FAAE2A6 /* [CP] Embed Pods Frameworks */,
			);
			buildRules = (
			);
			dependencies = (
			);
			name = TFY_Navigation;
			productName = TFY_Navigation;
			productReference = 36242066229649BF00AFE2B2 /* TFY_Navigation.app */;
			productType = "com.apple.product-type.application";
		};
		3624207D229649C000AFE2B2 /* TFY_NavigationTests */ = {
			isa = PBXNativeTarget;
			buildConfigurationList = 36242095229649C000AFE2B2 /* Build configuration list for PBXNativeTarget "TFY_NavigationTests" */;
			buildPhases = (
				215610C9F68045410AC691F1 /* [CP] Check Pods Manifest.lock */,
				3624207A229649C000AFE2B2 /* Sources */,
				3624207B229649C000AFE2B2 /* Frameworks */,
				3624207C229649C000AFE2B2 /* Resources */,
			);
			buildRules = (
			);
			dependencies = (
				36242080229649C000AFE2B2 /* PBXTargetDependency */,
			);
			name = TFY_NavigationTests;
			productName = TFY_NavigationTests;
			productReference = 3624207E229649C000AFE2B2 /* TFY_NavigationTests.xctest */;
			productType = "com.apple.product-type.bundle.unit-test";
		};
		36242088229649C000AFE2B2 /* TFY_NavigationUITests */ = {
			isa = PBXNativeTarget;
			buildConfigurationList = 36242098229649C000AFE2B2 /* Build configuration list for PBXNativeTarget "TFY_NavigationUITests" */;
			buildPhases = (
				07EC671C74B18C54018D19C0 /* [CP] Check Pods Manifest.lock */,
				36242085229649C000AFE2B2 /* Sources */,
				36242086229649C000AFE2B2 /* Frameworks */,
				36242087229649C000AFE2B2 /* Resources */,
				CD204E1833C4FA78778215E0 /* [CP] Embed Pods Frameworks */,
			);
			buildRules = (
			);
			dependencies = (
				3624208B229649C000AFE2B2 /* PBXTargetDependency */,
			);
			name = TFY_NavigationUITests;
			productName = TFY_NavigationUITests;
			productReference = 36242089229649C000AFE2B2 /* TFY_NavigationUITests.xctest */;
			productType = "com.apple.product-type.bundle.ui-testing";
		};
/* End PBXNativeTarget section */

/* Begin PBXProject section */
		3624205E229649BF00AFE2B2 /* Project object */ = {
			isa = PBXProject;
			attributes = {
				LastUpgradeCheck = 1200;
				ORGANIZATIONNAME = "浙江日报集团";
				TargetAttributes = {
					36242065229649BF00AFE2B2 = {
						CreatedOnToolsVersion = 10.2.1;
					};
					3624207D229649C000AFE2B2 = {
						CreatedOnToolsVersion = 10.2.1;
						TestTargetID = 36242065229649BF00AFE2B2;
					};
					36242088229649C000AFE2B2 = {
						CreatedOnToolsVersion = 10.2.1;
						TestTargetID = 36242065229649BF00AFE2B2;
					};
				};
			};
			buildConfigurationList = 36242061229649BF00AFE2B2 /* Build configuration list for PBXProject "TFY_Navigation" */;
			compatibilityVersion = "Xcode 10.0";
			developmentRegion = en;
			hasScannedForEncodings = 0;
			knownRegions = (
				en,
				Base,
			);
			mainGroup = 3624205D229649BF00AFE2B2;
			productRefGroup = 36242067229649BF00AFE2B2 /* Products */;
			projectDirPath = "";
			projectRoot = "";
			targets = (
				36242065229649BF00AFE2B2 /* TFY_Navigation */,
				3624207D229649C000AFE2B2 /* TFY_NavigationTests */,
				36242088229649C000AFE2B2 /* TFY_NavigationUITests */,
			);
		};
/* End PBXProject section */

/* Begin PBXResourcesBuildPhase section */
		36242064229649BF00AFE2B2 /* Resources */ = {
			isa = PBXResourcesBuildPhase;
			buildActionMask = 2147483647;
			files = (
				36242076229649C000AFE2B2 /* LaunchScreen.storyboard in Resources */,
				36242073229649C000AFE2B2 /* Assets.xcassets in Resources */,
				36D56FB62545606B0095323D /* TFY_NavigationImage.bundle in Resources */,
			);
			runOnlyForDeploymentPostprocessing = 0;
		};
		3624207C229649C000AFE2B2 /* Resources */ = {
			isa = PBXResourcesBuildPhase;
			buildActionMask = 2147483647;
			files = (
			);
			runOnlyForDeploymentPostprocessing = 0;
		};
		36242087229649C000AFE2B2 /* Resources */ = {
			isa = PBXResourcesBuildPhase;
			buildActionMask = 2147483647;
			files = (
			);
			runOnlyForDeploymentPostprocessing = 0;
		};
/* End PBXResourcesBuildPhase section */

/* Begin PBXShellScriptBuildPhase section */
		07EC671C74B18C54018D19C0 /* [CP] Check Pods Manifest.lock */ = {
			isa = PBXShellScriptBuildPhase;
			buildActionMask = 2147483647;
			files = (
			);
			inputFileListPaths = (
			);
			inputPaths = (
				"${PODS_PODFILE_DIR_PATH}/Podfile.lock",
				"${PODS_ROOT}/Manifest.lock",
			);
			name = "[CP] Check Pods Manifest.lock";
			outputFileListPaths = (
			);
			outputPaths = (
				"$(DERIVED_FILE_DIR)/Pods-TFY_Navigation-TFY_NavigationUITests-checkManifestLockResult.txt",
			);
			runOnlyForDeploymentPostprocessing = 0;
			shellPath = /bin/sh;
			shellScript = "diff \"${PODS_PODFILE_DIR_PATH}/Podfile.lock\" \"${PODS_ROOT}/Manifest.lock\" > /dev/null\nif [ $? != 0 ] ; then\n    # print error to STDERR\n    echo \"error: The sandbox is not in sync with the Podfile.lock. Run 'pod install' or update your CocoaPods installation.\" >&2\n    exit 1\nfi\n# This output is used by Xcode 'outputs' to avoid re-running this script phase.\necho \"SUCCESS\" > \"${SCRIPT_OUTPUT_FILE_0}\"\n";
			showEnvVarsInLog = 0;
		};
		215610C9F68045410AC691F1 /* [CP] Check Pods Manifest.lock */ = {
			isa = PBXShellScriptBuildPhase;
			buildActionMask = 2147483647;
			files = (
			);
			inputFileListPaths = (
			);
			inputPaths = (
				"${PODS_PODFILE_DIR_PATH}/Podfile.lock",
				"${PODS_ROOT}/Manifest.lock",
			);
			name = "[CP] Check Pods Manifest.lock";
			outputFileListPaths = (
			);
			outputPaths = (
				"$(DERIVED_FILE_DIR)/Pods-TFY_NavigationTests-checkManifestLockResult.txt",
			);
			runOnlyForDeploymentPostprocessing = 0;
			shellPath = /bin/sh;
			shellScript = "diff \"${PODS_PODFILE_DIR_PATH}/Podfile.lock\" \"${PODS_ROOT}/Manifest.lock\" > /dev/null\nif [ $? != 0 ] ; then\n    # print error to STDERR\n    echo \"error: The sandbox is not in sync with the Podfile.lock. Run 'pod install' or update your CocoaPods installation.\" >&2\n    exit 1\nfi\n# This output is used by Xcode 'outputs' to avoid re-running this script phase.\necho \"SUCCESS\" > \"${SCRIPT_OUTPUT_FILE_0}\"\n";
			showEnvVarsInLog = 0;
		};
		B341347AA785F16F3FAAE2A6 /* [CP] Embed Pods Frameworks */ = {
			isa = PBXShellScriptBuildPhase;
			buildActionMask = 2147483647;
			files = (
			);
			inputFileListPaths = (
				"${PODS_ROOT}/Target Support Files/Pods-TFY_Navigation/Pods-TFY_Navigation-frameworks-${CONFIGURATION}-input-files.xcfilelist",
			);
			name = "[CP] Embed Pods Frameworks";
			outputFileListPaths = (
				"${PODS_ROOT}/Target Support Files/Pods-TFY_Navigation/Pods-TFY_Navigation-frameworks-${CONFIGURATION}-output-files.xcfilelist",
			);
			runOnlyForDeploymentPostprocessing = 0;
			shellPath = /bin/sh;
			shellScript = "\"${PODS_ROOT}/Target Support Files/Pods-TFY_Navigation/Pods-TFY_Navigation-frameworks.sh\"\n";
			showEnvVarsInLog = 0;
		};
		C0CE382E226C40138985822A /* [CP] Check Pods Manifest.lock */ = {
			isa = PBXShellScriptBuildPhase;
			buildActionMask = 2147483647;
			files = (
			);
			inputFileListPaths = (
			);
			inputPaths = (
				"${PODS_PODFILE_DIR_PATH}/Podfile.lock",
				"${PODS_ROOT}/Manifest.lock",
			);
			name = "[CP] Check Pods Manifest.lock";
			outputFileListPaths = (
			);
			outputPaths = (
				"$(DERIVED_FILE_DIR)/Pods-TFY_Navigation-checkManifestLockResult.txt",
			);
			runOnlyForDeploymentPostprocessing = 0;
			shellPath = /bin/sh;
			shellScript = "diff \"${PODS_PODFILE_DIR_PATH}/Podfile.lock\" \"${PODS_ROOT}/Manifest.lock\" > /dev/null\nif [ $? != 0 ] ; then\n    # print error to STDERR\n    echo \"error: The sandbox is not in sync with the Podfile.lock. Run 'pod install' or update your CocoaPods installation.\" >&2\n    exit 1\nfi\n# This output is used by Xcode 'outputs' to avoid re-running this script phase.\necho \"SUCCESS\" > \"${SCRIPT_OUTPUT_FILE_0}\"\n";
			showEnvVarsInLog = 0;
		};
		CD204E1833C4FA78778215E0 /* [CP] Embed Pods Frameworks */ = {
			isa = PBXShellScriptBuildPhase;
			buildActionMask = 2147483647;
			files = (
			);
			inputFileListPaths = (
				"${PODS_ROOT}/Target Support Files/Pods-TFY_Navigation-TFY_NavigationUITests/Pods-TFY_Navigation-TFY_NavigationUITests-frameworks-${CONFIGURATION}-input-files.xcfilelist",
			);
			name = "[CP] Embed Pods Frameworks";
			outputFileListPaths = (
				"${PODS_ROOT}/Target Support Files/Pods-TFY_Navigation-TFY_NavigationUITests/Pods-TFY_Navigation-TFY_NavigationUITests-frameworks-${CONFIGURATION}-output-files.xcfilelist",
			);
			runOnlyForDeploymentPostprocessing = 0;
			shellPath = /bin/sh;
			shellScript = "\"${PODS_ROOT}/Target Support Files/Pods-TFY_Navigation-TFY_NavigationUITests/Pods-TFY_Navigation-TFY_NavigationUITests-frameworks.sh\"\n";
			showEnvVarsInLog = 0;
		};
/* End PBXShellScriptBuildPhase section */

/* Begin PBXSourcesBuildPhase section */
		36242062229649BF00AFE2B2 /* Sources */ = {
			isa = PBXSourcesBuildPhase;
			buildActionMask = 2147483647;
			files = (
				368F25BB254BF00A002A1D38 /* NAV_FourViewController.m in Sources */,
				36D5702225458E0B0095323D /* TFY_NavigationController.m in Sources */,
				3683FE1024F1D69D005CF078 /* OtherAppExampleListVC.m in Sources */,
				3683FE1C24F1D69D005CF078 /* ChildViewConflictExampleVC.m in Sources */,
				565AFABB247B9D2100FF5323 /* TFY_PageBasicTitleView.m in Sources */,
				3624206E229649BF00AFE2B2 /* ViewController.m in Sources */,
				3683FE1A24F1D69D005CF078 /* CustomTitleCellExampleVC1.m in Sources */,
				368F25E6254BF408002A1D38 /* TFY_TabBarController.m in Sources */,
				3690449E25513F8C00E413BE /* TFYPopTransitionAnimation.m in Sources */,
				368F25C7254BF035002A1D38 /* NAV_SixViewController.m in Sources */,
				3683FE1724F1D69D005CF078 /* SwitchByHandExampleVC.m in Sources */,
				3683FE1324F1D69D005CF078 /* CommonPageViewController.m in Sources */,
				3690444B2550FE2800E413BE /* UINavigationItem+TFYCategory.m in Sources */,
				369044502550FE2800E413BE /* TFYNavigationBar.m in Sources */,
				36242079229649C000AFE2B2 /* main.m in Sources */,
				3690444C2550FE2800E413BE /* UIViewController+TFYCategory.m in Sources */,
				3683FE2024F1D69D005CF078 /* XLChannelItem.m in Sources */,
				3683FE2324F1D6D2005CF078 /* NAV_OneController.m in Sources */,
				3683FE2624F1D6E6005CF078 /* NAV_TwoController.m in Sources */,
				3683FE1E24F1D69D005CF078 /* XLChannelHeader.m in Sources */,
				3683FE2924F1D6FA005CF078 /* NAV_ThreeController.m in Sources */,
				565AFAB8247B9C1800FF5323 /* TFY_PageTitleCell.m in Sources */,
				3683FE1924F1D69D005CF078 /* CustomPageTitleCell1.m in Sources */,
				565AFABE247B9E8E00FF5323 /* TFY_PageSegmentedTitleView.m in Sources */,
				3624206B229649BF00AFE2B2 /* AppDelegate.m in Sources */,
				369044492550FE2800E413BE /* UINavigationController+TFYCategory.m in Sources */,
				3683FE0F24F1D69D005CF078 /* CustomTitleCellExampleVC2.m in Sources */,
				3683FE1624F1D69D005CF078 /* SpecialUseExampleVC.m in Sources */,
				565AFAB5247B9A0A00FF5323 /* TFY_PageControllerUtil.m in Sources */,
				3683FE1524F1D69D005CF078 /* BasicFunctionListVC.m in Sources */,
				369044632551067100E413BE /* UIImage+TFYCategory.m in Sources */,
				3690444D2550FE2800E413BE /* UIBarButtonItem+TFYCategory.m in Sources */,
				3683FE1B24F1D69D005CF078 /* ChannelManageExampleVC.m in Sources */,
				3683FE1124F1D69D005CF078 /* CustomPageTitleCell3.m in Sources */,
				3690449C25513F8C00E413BE /* TFYPushTransitionAnimation.m in Sources */,
				3683FE1424F1D69D005CF078 /* CommonTableViewController.m in Sources */,
				3683FE1824F1D69D005CF078 /* MultiLevelExampleVC.m in Sources */,
				368F25CD254BF050002A1D38 /* NAV_SevenViewController.m in Sources */,
				3690444F2550FE2800E413BE /* TFYNavigationBarConfigure.m in Sources */,
				3690449F25513F8C00E413BE /* TFYBaseTransitionAnimation.m in Sources */,
				3683FE1D24F1D69D005CF078 /* XLChannelControl.m in Sources */,
				3683FE0E24F1D69D005CF078 /* CustomTitleCellExampleVC3.m in Sources */,
				3683FE1F24F1D69D005CF078 /* XLChannelView.m in Sources */,
				565AFAB2247B985900FF5323 /* TFY_PageControllerConfig.m in Sources */,
				36F1F5C62556BB21003C1C05 /* NAV_MainViewController.m in Sources */,
				3690449D25513F8C00E413BE /* TFYDelegateHandler.m in Sources */,
				368F25C1254BF021002A1D38 /* NAV_FiveViewController.m in Sources */,
				3683FE1224F1D69D005CF078 /* CustomPageTitleCell2.m in Sources */,
				565AFAC1247B9F0E00FF5323 /* TFY_PageViewController.m in Sources */,
				36904472255129AF00E413BE /* UIScrollView+TFYCategory.m in Sources */,
			);
			runOnlyForDeploymentPostprocessing = 0;
		};
		3624207A229649C000AFE2B2 /* Sources */ = {
			isa = PBXSourcesBuildPhase;
			buildActionMask = 2147483647;
			files = (
				36242083229649C000AFE2B2 /* TFY_NavigationTests.m in Sources */,
			);
			runOnlyForDeploymentPostprocessing = 0;
		};
		36242085229649C000AFE2B2 /* Sources */ = {
			isa = PBXSourcesBuildPhase;
			buildActionMask = 2147483647;
			files = (
				3624208E229649C000AFE2B2 /* TFY_NavigationUITests.m in Sources */,
			);
			runOnlyForDeploymentPostprocessing = 0;
		};
/* End PBXSourcesBuildPhase section */

/* Begin PBXTargetDependency section */
		36242080229649C000AFE2B2 /* PBXTargetDependency */ = {
			isa = PBXTargetDependency;
			target = 36242065229649BF00AFE2B2 /* TFY_Navigation */;
			targetProxy = 3624207F229649C000AFE2B2 /* PBXContainerItemProxy */;
		};
		3624208B229649C000AFE2B2 /* PBXTargetDependency */ = {
			isa = PBXTargetDependency;
			target = 36242065229649BF00AFE2B2 /* TFY_Navigation */;
			targetProxy = 3624208A229649C000AFE2B2 /* PBXContainerItemProxy */;
		};
/* End PBXTargetDependency section */

/* Begin PBXVariantGroup section */
		36242074229649C000AFE2B2 /* LaunchScreen.storyboard */ = {
			isa = PBXVariantGroup;
			children = (
				36242075229649C000AFE2B2 /* Base */,
			);
			name = LaunchScreen.storyboard;
			sourceTree = "<group>";
		};
/* End PBXVariantGroup section */

/* Begin XCBuildConfiguration section */
		36242090229649C000AFE2B2 /* Debug */ = {
			isa = XCBuildConfiguration;
			buildSettings = {
				ALWAYS_SEARCH_USER_PATHS = NO;
				CLANG_ANALYZER_NONNULL = YES;
				CLANG_ANALYZER_NUMBER_OBJECT_CONVERSION = YES_AGGRESSIVE;
				CLANG_CXX_LANGUAGE_STANDARD = "gnu++14";
				CLANG_CXX_LIBRARY = "libc++";
				CLANG_ENABLE_MODULES = YES;
				CLANG_ENABLE_OBJC_ARC = YES;
				CLANG_ENABLE_OBJC_WEAK = YES;
				CLANG_WARN_BLOCK_CAPTURE_AUTORELEASING = YES;
				CLANG_WARN_BOOL_CONVERSION = YES;
				CLANG_WARN_COMMA = YES;
				CLANG_WARN_CONSTANT_CONVERSION = YES;
				CLANG_WARN_DEPRECATED_OBJC_IMPLEMENTATIONS = YES;
				CLANG_WARN_DIRECT_OBJC_ISA_USAGE = YES_ERROR;
				CLANG_WARN_DOCUMENTATION_COMMENTS = YES;
				CLANG_WARN_EMPTY_BODY = YES;
				CLANG_WARN_ENUM_CONVERSION = YES;
				CLANG_WARN_INFINITE_RECURSION = YES;
				CLANG_WARN_INT_CONVERSION = YES;
				CLANG_WARN_NON_LITERAL_NULL_CONVERSION = YES;
				CLANG_WARN_OBJC_IMPLICIT_RETAIN_SELF = YES;
				CLANG_WARN_OBJC_LITERAL_CONVERSION = YES;
				CLANG_WARN_OBJC_ROOT_CLASS = YES_ERROR;
				CLANG_WARN_QUOTED_INCLUDE_IN_FRAMEWORK_HEADER = YES;
				CLANG_WARN_RANGE_LOOP_ANALYSIS = YES;
				CLANG_WARN_STRICT_PROTOTYPES = YES;
				CLANG_WARN_SUSPICIOUS_MOVE = YES;
				CLANG_WARN_UNGUARDED_AVAILABILITY = YES_AGGRESSIVE;
				CLANG_WARN_UNREACHABLE_CODE = YES;
				CLANG_WARN__DUPLICATE_METHOD_MATCH = YES;
				CODE_SIGN_IDENTITY = "iPhone Developer";
				COPY_PHASE_STRIP = NO;
				DEBUG_INFORMATION_FORMAT = dwarf;
				ENABLE_STRICT_OBJC_MSGSEND = YES;
				ENABLE_TESTABILITY = YES;
				GCC_C_LANGUAGE_STANDARD = gnu11;
				GCC_DYNAMIC_NO_PIC = NO;
				GCC_NO_COMMON_BLOCKS = YES;
				GCC_OPTIMIZATION_LEVEL = 0;
				GCC_PREPROCESSOR_DEFINITIONS = (
					"DEBUG=1",
					"$(inherited)",
				);
				GCC_WARN_64_TO_32_BIT_CONVERSION = YES;
				GCC_WARN_ABOUT_RETURN_TYPE = YES_ERROR;
				GCC_WARN_UNDECLARED_SELECTOR = YES;
				GCC_WARN_UNINITIALIZED_AUTOS = YES_AGGRESSIVE;
				GCC_WARN_UNUSED_FUNCTION = YES;
				GCC_WARN_UNUSED_VARIABLE = YES;
				IPHONEOS_DEPLOYMENT_TARGET = 14.2;
				MTL_ENABLE_DEBUG_INFO = INCLUDE_SOURCE;
				MTL_FAST_MATH = YES;
				ONLY_ACTIVE_ARCH = YES;
				SDKROOT = iphoneos;
			};
			name = Debug;
		};
		36242091229649C000AFE2B2 /* Release */ = {
			isa = XCBuildConfiguration;
			buildSettings = {
				ALWAYS_SEARCH_USER_PATHS = NO;
				CLANG_ANALYZER_NONNULL = YES;
				CLANG_ANALYZER_NUMBER_OBJECT_CONVERSION = YES_AGGRESSIVE;
				CLANG_CXX_LANGUAGE_STANDARD = "gnu++14";
				CLANG_CXX_LIBRARY = "libc++";
				CLANG_ENABLE_MODULES = YES;
				CLANG_ENABLE_OBJC_ARC = YES;
				CLANG_ENABLE_OBJC_WEAK = YES;
				CLANG_WARN_BLOCK_CAPTURE_AUTORELEASING = YES;
				CLANG_WARN_BOOL_CONVERSION = YES;
				CLANG_WARN_COMMA = YES;
				CLANG_WARN_CONSTANT_CONVERSION = YES;
				CLANG_WARN_DEPRECATED_OBJC_IMPLEMENTATIONS = YES;
				CLANG_WARN_DIRECT_OBJC_ISA_USAGE = YES_ERROR;
				CLANG_WARN_DOCUMENTATION_COMMENTS = YES;
				CLANG_WARN_EMPTY_BODY = YES;
				CLANG_WARN_ENUM_CONVERSION = YES;
				CLANG_WARN_INFINITE_RECURSION = YES;
				CLANG_WARN_INT_CONVERSION = YES;
				CLANG_WARN_NON_LITERAL_NULL_CONVERSION = YES;
				CLANG_WARN_OBJC_IMPLICIT_RETAIN_SELF = YES;
				CLANG_WARN_OBJC_LITERAL_CONVERSION = YES;
				CLANG_WARN_OBJC_ROOT_CLASS = YES_ERROR;
				CLANG_WARN_QUOTED_INCLUDE_IN_FRAMEWORK_HEADER = YES;
				CLANG_WARN_RANGE_LOOP_ANALYSIS = YES;
				CLANG_WARN_STRICT_PROTOTYPES = YES;
				CLANG_WARN_SUSPICIOUS_MOVE = YES;
				CLANG_WARN_UNGUARDED_AVAILABILITY = YES_AGGRESSIVE;
				CLANG_WARN_UNREACHABLE_CODE = YES;
				CLANG_WARN__DUPLICATE_METHOD_MATCH = YES;
				CODE_SIGN_IDENTITY = "iPhone Developer";
				COPY_PHASE_STRIP = NO;
				DEBUG_INFORMATION_FORMAT = "dwarf-with-dsym";
				ENABLE_NS_ASSERTIONS = NO;
				ENABLE_STRICT_OBJC_MSGSEND = YES;
				GCC_C_LANGUAGE_STANDARD = gnu11;
				GCC_NO_COMMON_BLOCKS = YES;
				GCC_WARN_64_TO_32_BIT_CONVERSION = YES;
				GCC_WARN_ABOUT_RETURN_TYPE = YES_ERROR;
				GCC_WARN_UNDECLARED_SELECTOR = YES;
				GCC_WARN_UNINITIALIZED_AUTOS = YES_AGGRESSIVE;
				GCC_WARN_UNUSED_FUNCTION = YES;
				GCC_WARN_UNUSED_VARIABLE = YES;
				IPHONEOS_DEPLOYMENT_TARGET = 14.2;
				MTL_ENABLE_DEBUG_INFO = NO;
				MTL_FAST_MATH = YES;
				SDKROOT = iphoneos;
				VALIDATE_PRODUCT = YES;
			};
			name = Release;
		};
		36242093229649C000AFE2B2 /* Debug */ = {
			isa = XCBuildConfiguration;
			baseConfigurationReference = 07FE2B01F9FD1218E9749EEC /* Pods-TFY_Navigation.debug.xcconfig */;
			buildSettings = {
				ASSETCATALOG_COMPILER_APPICON_NAME = AppIcon;
				CODE_SIGN_STYLE = Automatic;
				DEVELOPMENT_TEAM = QH95759TSS;
				GCC_PRECOMPILE_PREFIX_HEADER = YES;
				GCC_PREFIX_HEADER = TFY_Navigation/PCH/PrefixHeader.pch;
				INFOPLIST_FILE = TFY_Navigation/Info.plist;
				IPHONEOS_DEPLOYMENT_TARGET = 12.0;
				LD_RUNPATH_SEARCH_PATHS = (
					"$(inherited)",
					"@executable_path/Frameworks",
				);
				PRODUCT_BUNDLE_IDENTIFIER = "com.LianQianLianjiCompany.TFY-Navigation";
				PRODUCT_NAME = "$(TARGET_NAME)";
				TARGETED_DEVICE_FAMILY = 1;
			};
			name = Debug;
		};
		36242094229649C000AFE2B2 /* Release */ = {
			isa = XCBuildConfiguration;
			baseConfigurationReference = 4E005F02273F596C1314D52E /* Pods-TFY_Navigation.release.xcconfig */;
			buildSettings = {
				ASSETCATALOG_COMPILER_APPICON_NAME = AppIcon;
				CODE_SIGN_STYLE = Automatic;
				DEVELOPMENT_TEAM = QH95759TSS;
				GCC_PRECOMPILE_PREFIX_HEADER = YES;
				GCC_PREFIX_HEADER = TFY_Navigation/PCH/PrefixHeader.pch;
				INFOPLIST_FILE = TFY_Navigation/Info.plist;
				IPHONEOS_DEPLOYMENT_TARGET = 12.0;
				LD_RUNPATH_SEARCH_PATHS = (
					"$(inherited)",
					"@executable_path/Frameworks",
				);
				PRODUCT_BUNDLE_IDENTIFIER = "com.LianQianLianjiCompany.TFY-Navigation";
				PRODUCT_NAME = "$(TARGET_NAME)";
				TARGETED_DEVICE_FAMILY = 1;
			};
			name = Release;
		};
		36242096229649C000AFE2B2 /* Debug */ = {
			isa = XCBuildConfiguration;
			baseConfigurationReference = CF7E3ABDAA0CCA961CB7B078 /* Pods-TFY_NavigationTests.debug.xcconfig */;
			buildSettings = {
				BUNDLE_LOADER = "$(TEST_HOST)";
				"CODE_SIGN_IDENTITY[sdk=macosx*]" = "Apple Development";
				CODE_SIGN_STYLE = Automatic;
				DEVELOPMENT_TEAM = QH95759TSS;
				INFOPLIST_FILE = TFY_NavigationTests/Info.plist;
				IPHONEOS_DEPLOYMENT_TARGET = 13.7;
				LD_RUNPATH_SEARCH_PATHS = (
					"$(inherited)",
					"@executable_path/Frameworks",
					"@loader_path/Frameworks",
				);
				PRODUCT_BUNDLE_IDENTIFIER = "com.LianQianLianjiCompany.TFY-NavigationTests";
				PRODUCT_NAME = "$(TARGET_NAME)";
				TARGETED_DEVICE_FAMILY = "1,2";
				TEST_HOST = "$(BUILT_PRODUCTS_DIR)/TFY_Navigation.app/TFY_Navigation";
			};
			name = Debug;
		};
		36242097229649C000AFE2B2 /* Release */ = {
			isa = XCBuildConfiguration;
			baseConfigurationReference = 0F45F38CE9B03DE74357644F /* Pods-TFY_NavigationTests.release.xcconfig */;
			buildSettings = {
				BUNDLE_LOADER = "$(TEST_HOST)";
				"CODE_SIGN_IDENTITY[sdk=macosx*]" = "Apple Development";
				CODE_SIGN_STYLE = Automatic;
				DEVELOPMENT_TEAM = QH95759TSS;
				INFOPLIST_FILE = TFY_NavigationTests/Info.plist;
				IPHONEOS_DEPLOYMENT_TARGET = 13.7;
				LD_RUNPATH_SEARCH_PATHS = (
					"$(inherited)",
					"@executable_path/Frameworks",
					"@loader_path/Frameworks",
				);
				PRODUCT_BUNDLE_IDENTIFIER = "com.LianQianLianjiCompany.TFY-NavigationTests";
				PRODUCT_NAME = "$(TARGET_NAME)";
				TARGETED_DEVICE_FAMILY = "1,2";
				TEST_HOST = "$(BUILT_PRODUCTS_DIR)/TFY_Navigation.app/TFY_Navigation";
			};
			name = Release;
		};
		36242099229649C000AFE2B2 /* Debug */ = {
			isa = XCBuildConfiguration;
			baseConfigurationReference = 7943A11C486D44176F366063 /* Pods-TFY_Navigation-TFY_NavigationUITests.debug.xcconfig */;
			buildSettings = {
				CODE_SIGN_STYLE = Automatic;
				DEVELOPMENT_TEAM = SEXG86U92J;
				INFOPLIST_FILE = TFY_NavigationUITests/Info.plist;
				IPHONEOS_DEPLOYMENT_TARGET = 13.7;
				LD_RUNPATH_SEARCH_PATHS = (
					"$(inherited)",
					"@executable_path/Frameworks",
					"@loader_path/Frameworks",
				);
				PRODUCT_BUNDLE_IDENTIFIER = "com.LianQianLianjiCompany.TFY-NavigationUITests";
				PRODUCT_NAME = "$(TARGET_NAME)";
				TARGETED_DEVICE_FAMILY = "1,2";
				TEST_TARGET_NAME = TFY_Navigation;
			};
			name = Debug;
		};
		3624209A229649C000AFE2B2 /* Release */ = {
			isa = XCBuildConfiguration;
			baseConfigurationReference = F6A4F1CEFA7E33F0D0E2F43B /* Pods-TFY_Navigation-TFY_NavigationUITests.release.xcconfig */;
			buildSettings = {
				CODE_SIGN_STYLE = Automatic;
				DEVELOPMENT_TEAM = SEXG86U92J;
				INFOPLIST_FILE = TFY_NavigationUITests/Info.plist;
				IPHONEOS_DEPLOYMENT_TARGET = 13.7;
				LD_RUNPATH_SEARCH_PATHS = (
					"$(inherited)",
					"@executable_path/Frameworks",
					"@loader_path/Frameworks",
				);
				PRODUCT_BUNDLE_IDENTIFIER = "com.LianQianLianjiCompany.TFY-NavigationUITests";
				PRODUCT_NAME = "$(TARGET_NAME)";
				TARGETED_DEVICE_FAMILY = "1,2";
				TEST_TARGET_NAME = TFY_Navigation;
			};
			name = Release;
		};
/* End XCBuildConfiguration section */

/* Begin XCConfigurationList section */
		36242061229649BF00AFE2B2 /* Build configuration list for PBXProject "TFY_Navigation" */ = {
			isa = XCConfigurationList;
			buildConfigurations = (
				36242090229649C000AFE2B2 /* Debug */,
				36242091229649C000AFE2B2 /* Release */,
			);
			defaultConfigurationIsVisible = 0;
			defaultConfigurationName = Release;
		};
		36242092229649C000AFE2B2 /* Build configuration list for PBXNativeTarget "TFY_Navigation" */ = {
			isa = XCConfigurationList;
			buildConfigurations = (
				36242093229649C000AFE2B2 /* Debug */,
				36242094229649C000AFE2B2 /* Release */,
			);
			defaultConfigurationIsVisible = 0;
			defaultConfigurationName = Release;
		};
		36242095229649C000AFE2B2 /* Build configuration list for PBXNativeTarget "TFY_NavigationTests" */ = {
			isa = XCConfigurationList;
			buildConfigurations = (
				36242096229649C000AFE2B2 /* Debug */,
				36242097229649C000AFE2B2 /* Release */,
			);
			defaultConfigurationIsVisible = 0;
			defaultConfigurationName = Release;
		};
		36242098229649C000AFE2B2 /* Build configuration list for PBXNativeTarget "TFY_NavigationUITests" */ = {
			isa = XCConfigurationList;
			buildConfigurations = (
				36242099229649C000AFE2B2 /* Debug */,
				3624209A229649C000AFE2B2 /* Release */,
			);
			defaultConfigurationIsVisible = 0;
			defaultConfigurationName = Release;
		};
/* End XCConfigurationList section */
	};
	rootObject = 3624205E229649BF00AFE2B2 /* Project object */;
}
