// !$*UTF8*$!
{
	archiveVersion = 1;
	classes = {
	};
	objectVersion = 54;
	objects = {

/* Begin PBXBuildFile section */
		21A89EA2374E4C79F7BAC2B7 /* Pods_TFY_Navigation.framework in Frameworks */ = {isa = PBXBuildFile; fileRef = 29018E2143133F7AD73E672B /* Pods_TFY_Navigation.framework */; };
		360972B026ECAE180046A447 /* UINavigationController+Push.m in Sources */ = {isa = PBXBuildFile; fileRef = 360972AE26ECAE180046A447 /* UINavigationController+Push.m */; };
		360972B126ECAE180046A447 /* UIViewController+RootNavigation.m in Sources */ = {isa = PBXBuildFile; fileRef = 360972AF26ECAE180046A447 /* UIViewController+RootNavigation.m */; };
		3624206B229649BF00AFE2B2 /* AppDelegate.m in Sources */ = {isa = PBXBuildFile; fileRef = 3624206A229649BF00AFE2B2 /* AppDelegate.m */; };
		3624206E229649BF00AFE2B2 /* ViewController.m in Sources */ = {isa = PBXBuildFile; fileRef = 3624206D229649BF00AFE2B2 /* ViewController.m */; };
		36242073229649C000AFE2B2 /* Assets.xcassets in Resources */ = {isa = PBXBuildFile; fileRef = 36242072229649C000AFE2B2 /* Assets.xcassets */; };
		36242076229649C000AFE2B2 /* LaunchScreen.storyboard in Resources */ = {isa = PBXBuildFile; fileRef = 36242074229649C000AFE2B2 /* LaunchScreen.storyboard */; };
		36242079229649C000AFE2B2 /* main.m in Sources */ = {isa = PBXBuildFile; fileRef = 36242078229649C000AFE2B2 /* main.m */; };
		36242083229649C000AFE2B2 /* TFY_NavigationTests.m in Sources */ = {isa = PBXBuildFile; fileRef = 36242082229649C000AFE2B2 /* TFY_NavigationTests.m */; };
		3624208E229649C000AFE2B2 /* TFY_NavigationUITests.m in Sources */ = {isa = PBXBuildFile; fileRef = 3624208D229649C000AFE2B2 /* TFY_NavigationUITests.m */; };
		3683FE2324F1D6D2005CF078 /* NAV_OneController.m in Sources */ = {isa = PBXBuildFile; fileRef = 3683FE2224F1D6D2005CF078 /* NAV_OneController.m */; };
		3683FE2624F1D6E6005CF078 /* NAV_TwoController.m in Sources */ = {isa = PBXBuildFile; fileRef = 3683FE2524F1D6E6005CF078 /* NAV_TwoController.m */; };
		3683FE2924F1D6FA005CF078 /* NAV_ThreeController.m in Sources */ = {isa = PBXBuildFile; fileRef = 3683FE2824F1D6FA005CF078 /* NAV_ThreeController.m */; };
		368F25BB254BF00A002A1D38 /* NAV_FourViewController.m in Sources */ = {isa = PBXBuildFile; fileRef = 368F25BA254BF00A002A1D38 /* NAV_FourViewController.m */; };
		368F25C1254BF021002A1D38 /* NAV_FiveViewController.m in Sources */ = {isa = PBXBuildFile; fileRef = 368F25C0254BF021002A1D38 /* NAV_FiveViewController.m */; };
		368F25C7254BF035002A1D38 /* NAV_SixViewController.m in Sources */ = {isa = PBXBuildFile; fileRef = 368F25C6254BF035002A1D38 /* NAV_SixViewController.m */; };
		368F25CD254BF050002A1D38 /* NAV_SevenViewController.m in Sources */ = {isa = PBXBuildFile; fileRef = 368F25CC254BF050002A1D38 /* NAV_SevenViewController.m */; };
		368F25E6254BF408002A1D38 /* TFY_TabBarController.m in Sources */ = {isa = PBXBuildFile; fileRef = 368F25E5254BF408002A1D38 /* TFY_TabBarController.m */; };
		36F1F5C62556BB21003C1C05 /* NAV_MainViewController.m in Sources */ = {isa = PBXBuildFile; fileRef = 36F1F5C52556BB21003C1C05 /* NAV_MainViewController.m */; };
		36F8C5A726BFBF630068C5AC /* TFY_NavigationController.m in Sources */ = {isa = PBXBuildFile; fileRef = 36F8C5A126BFBF630068C5AC /* TFY_NavigationController.m */; };
		36F8C5AA26BFCA6E0068C5AC /* TFY_NavigationImage.bundle in Resources */ = {isa = PBXBuildFile; fileRef = 36F8C5A926BFCA6E0068C5AC /* TFY_NavigationImage.bundle */; };
/* End PBXBuildFile section */

/* Begin PBXContainerItemProxy section */
		3624207F229649C000AFE2B2 /* PBXContainerItemProxy */ = {
			isa = PBXContainerItemProxy;
			containerPortal = 3624205E229649BF00AFE2B2 /* Project object */;
			proxyType = 1;
			remoteGlobalIDString = 36242065229649BF00AFE2B2;
			remoteInfo = TFY_Navigation;
		};
		3624208A229649C000AFE2B2 /* PBXContainerItemProxy */ = {
			isa = PBXContainerItemProxy;
			containerPortal = 3624205E229649BF00AFE2B2 /* Project object */;
			proxyType = 1;
			remoteGlobalIDString = 36242065229649BF00AFE2B2;
			remoteInfo = TFY_Navigation;
		};
/* End PBXContainerItemProxy section */

/* Begin PBXFileReference section */
		07FE2B01F9FD1218E9749EEC /* Pods-TFY_Navigation.debug.xcconfig */ = {isa = PBXFileReference; includeInIndex = 1; lastKnownFileType = text.xcconfig; name = "Pods-TFY_Navigation.debug.xcconfig"; path = "Target Support Files/Pods-TFY_Navigation/Pods-TFY_Navigation.debug.xcconfig"; sourceTree = "<group>"; };
		29018E2143133F7AD73E672B /* Pods_TFY_Navigation.framework */ = {isa = PBXFileReference; explicitFileType = wrapper.framework; includeInIndex = 0; path = Pods_TFY_Navigation.framework; sourceTree = BUILT_PRODUCTS_DIR; };
		360972AB26ECAE180046A447 /* TFYViewControllerAnimatedTransitioning.h */ = {isa = PBXFileReference; fileEncoding = 4; lastKnownFileType = sourcecode.c.h; path = TFYViewControllerAnimatedTransitioning.h; sourceTree = "<group>"; };
		360972AC26ECAE180046A447 /* UINavigationController+Push.h */ = {isa = PBXFileReference; fileEncoding = 4; lastKnownFileType = sourcecode.c.h; path = "UINavigationController+Push.h"; sourceTree = "<group>"; };
		360972AD26ECAE180046A447 /* UIViewController+RootNavigation.h */ = {isa = PBXFileReference; fileEncoding = 4; lastKnownFileType = sourcecode.c.h; path = "UIViewController+RootNavigation.h"; sourceTree = "<group>"; };
		360972AE26ECAE180046A447 /* UINavigationController+Push.m */ = {isa = PBXFileReference; fileEncoding = 4; lastKnownFileType = sourcecode.c.objc; path = "UINavigationController+Push.m"; sourceTree = "<group>"; };
		360972AF26ECAE180046A447 /* UIViewController+RootNavigation.m */ = {isa = PBXFileReference; fileEncoding = 4; lastKnownFileType = sourcecode.c.objc; path = "UIViewController+RootNavigation.m"; sourceTree = "<group>"; };
		36242066229649BF00AFE2B2 /* TFY_Navigation.app */ = {isa = PBXFileReference; explicitFileType = wrapper.application; includeInIndex = 0; path = TFY_Navigation.app; sourceTree = BUILT_PRODUCTS_DIR; };
		36242069229649BF00AFE2B2 /* AppDelegate.h */ = {isa = PBXFileReference; lastKnownFileType = sourcecode.c.h; path = AppDelegate.h; sourceTree = "<group>"; };
		3624206A229649BF00AFE2B2 /* AppDelegate.m */ = {isa = PBXFileReference; lastKnownFileType = sourcecode.c.objc; path = AppDelegate.m; sourceTree = "<group>"; };
		3624206C229649BF00AFE2B2 /* ViewController.h */ = {isa = PBXFileReference; lastKnownFileType = sourcecode.c.h; path = ViewController.h; sourceTree = "<group>"; };
		3624206D229649BF00AFE2B2 /* ViewController.m */ = {isa = PBXFileReference; lastKnownFileType = sourcecode.c.objc; path = ViewController.m; sourceTree = "<group>"; };
		36242072229649C000AFE2B2 /* Assets.xcassets */ = {isa = PBXFileReference; lastKnownFileType = folder.assetcatalog; path = Assets.xcassets; sourceTree = "<group>"; };
		36242075229649C000AFE2B2 /* Base */ = {isa = PBXFileReference; lastKnownFileType = file.storyboard; name = Base; path = Base.lproj/LaunchScreen.storyboard; sourceTree = "<group>"; };
		36242077229649C000AFE2B2 /* Info.plist */ = {isa = PBXFileReference; lastKnownFileType = text.plist.xml; path = Info.plist; sourceTree = "<group>"; };
		36242078229649C000AFE2B2 /* main.m */ = {isa = PBXFileReference; lastKnownFileType = sourcecode.c.objc; path = main.m; sourceTree = "<group>"; };
		3624207E229649C000AFE2B2 /* TFY_NavigationTests.xctest */ = {isa = PBXFileReference; explicitFileType = wrapper.cfbundle; includeInIndex = 0; path = TFY_NavigationTests.xctest; sourceTree = BUILT_PRODUCTS_DIR; };
		36242082229649C000AFE2B2 /* TFY_NavigationTests.m */ = {isa = PBXFileReference; lastKnownFileType = sourcecode.c.objc; path = TFY_NavigationTests.m; sourceTree = "<group>"; };
		36242084229649C000AFE2B2 /* Info.plist */ = {isa = PBXFileReference; lastKnownFileType = text.plist.xml; path = Info.plist; sourceTree = "<group>"; };
		36242089229649C000AFE2B2 /* TFY_NavigationUITests.xctest */ = {isa = PBXFileReference; explicitFileType = wrapper.cfbundle; includeInIndex = 0; path = TFY_NavigationUITests.xctest; sourceTree = BUILT_PRODUCTS_DIR; };
		3624208D229649C000AFE2B2 /* TFY_NavigationUITests.m */ = {isa = PBXFileReference; lastKnownFileType = sourcecode.c.objc; path = TFY_NavigationUITests.m; sourceTree = "<group>"; };
		3624208F229649C000AFE2B2 /* Info.plist */ = {isa = PBXFileReference; lastKnownFileType = text.plist.xml; path = Info.plist; sourceTree = "<group>"; };
		3624209C229649EC00AFE2B2 /* TFY_Navigation.h */ = {isa = PBXFileReference; fileEncoding = 4; lastKnownFileType = sourcecode.c.h; path = TFY_Navigation.h; sourceTree = "<group>"; };
		3683FE2124F1D6D2005CF078 /* NAV_OneController.h */ = {isa = PBXFileReference; lastKnownFileType = sourcecode.c.h; path = NAV_OneController.h; sourceTree = "<group>"; };
		3683FE2224F1D6D2005CF078 /* NAV_OneController.m */ = {isa = PBXFileReference; lastKnownFileType = sourcecode.c.objc; path = NAV_OneController.m; sourceTree = "<group>"; };
		3683FE2424F1D6E6005CF078 /* NAV_TwoController.h */ = {isa = PBXFileReference; lastKnownFileType = sourcecode.c.h; path = NAV_TwoController.h; sourceTree = "<group>"; };
		3683FE2524F1D6E6005CF078 /* NAV_TwoController.m */ = {isa = PBXFileReference; lastKnownFileType = sourcecode.c.objc; path = NAV_TwoController.m; sourceTree = "<group>"; };
		3683FE2724F1D6FA005CF078 /* NAV_ThreeController.h */ = {isa = PBXFileReference; lastKnownFileType = sourcecode.c.h; path = NAV_ThreeController.h; sourceTree = "<group>"; };
		3683FE2824F1D6FA005CF078 /* NAV_ThreeController.m */ = {isa = PBXFileReference; lastKnownFileType = sourcecode.c.objc; path = NAV_ThreeController.m; sourceTree = "<group>"; };
		368F25B9254BF00A002A1D38 /* NAV_FourViewController.h */ = {isa = PBXFileReference; lastKnownFileType = sourcecode.c.h; path = NAV_FourViewController.h; sourceTree = "<group>"; };
		368F25BA254BF00A002A1D38 /* NAV_FourViewController.m */ = {isa = PBXFileReference; lastKnownFileType = sourcecode.c.objc; path = NAV_FourViewController.m; sourceTree = "<group>"; };
		368F25BF254BF021002A1D38 /* NAV_FiveViewController.h */ = {isa = PBXFileReference; lastKnownFileType = sourcecode.c.h; path = NAV_FiveViewController.h; sourceTree = "<group>"; };
		368F25C0254BF021002A1D38 /* NAV_FiveViewController.m */ = {isa = PBXFileReference; lastKnownFileType = sourcecode.c.objc; path = NAV_FiveViewController.m; sourceTree = "<group>"; };
		368F25C5254BF035002A1D38 /* NAV_SixViewController.h */ = {isa = PBXFileReference; lastKnownFileType = sourcecode.c.h; path = NAV_SixViewController.h; sourceTree = "<group>"; };
		368F25C6254BF035002A1D38 /* NAV_SixViewController.m */ = {isa = PBXFileReference; lastKnownFileType = sourcecode.c.objc; path = NAV_SixViewController.m; sourceTree = "<group>"; };
		368F25CB254BF050002A1D38 /* NAV_SevenViewController.h */ = {isa = PBXFileReference; lastKnownFileType = sourcecode.c.h; path = NAV_SevenViewController.h; sourceTree = "<group>"; };
		368F25CC254BF050002A1D38 /* NAV_SevenViewController.m */ = {isa = PBXFileReference; lastKnownFileType = sourcecode.c.objc; path = NAV_SevenViewController.m; sourceTree = "<group>"; };
		368F25E4254BF408002A1D38 /* TFY_TabBarController.h */ = {isa = PBXFileReference; lastKnownFileType = sourcecode.c.h; path = TFY_TabBarController.h; sourceTree = "<group>"; };
		368F25E5254BF408002A1D38 /* TFY_TabBarController.m */ = {isa = PBXFileReference; lastKnownFileType = sourcecode.c.objc; path = TFY_TabBarController.m; sourceTree = "<group>"; };
		36F1F5C42556BB21003C1C05 /* NAV_MainViewController.h */ = {isa = PBXFileReference; lastKnownFileType = sourcecode.c.h; path = NAV_MainViewController.h; sourceTree = "<group>"; };
		36F1F5C52556BB21003C1C05 /* NAV_MainViewController.m */ = {isa = PBXFileReference; lastKnownFileType = sourcecode.c.objc; path = NAV_MainViewController.m; sourceTree = "<group>"; };
		36F8C5A126BFBF630068C5AC /* TFY_NavigationController.m */ = {isa = PBXFileReference; fileEncoding = 4; lastKnownFileType = sourcecode.c.objc; path = TFY_NavigationController.m; sourceTree = "<group>"; };
		36F8C5A226BFBF630068C5AC /* TFY_NavigationController.h */ = {isa = PBXFileReference; fileEncoding = 4; lastKnownFileType = sourcecode.c.h; path = TFY_NavigationController.h; sourceTree = "<group>"; };
		36F8C5A926BFCA6E0068C5AC /* TFY_NavigationImage.bundle */ = {isa = PBXFileReference; lastKnownFileType = "wrapper.plug-in"; path = TFY_NavigationImage.bundle; sourceTree = "<group>"; };
		4E005F02273F596C1314D52E /* Pods-TFY_Navigation.release.xcconfig */ = {isa = PBXFileReference; includeInIndex = 1; lastKnownFileType = text.xcconfig; name = "Pods-TFY_Navigation.release.xcconfig"; path = "Target Support Files/Pods-TFY_Navigation/Pods-TFY_Navigation.release.xcconfig"; sourceTree = "<group>"; };
		565AFB05247BA21A00FF5323 /* PrefixHeader.pch */ = {isa = PBXFileReference; lastKnownFileType = sourcecode.c.h; path = PrefixHeader.pch; sourceTree = "<group>"; };
/* End PBXFileReference section */

/* Begin PBXFrameworksBuildPhase section */
		36242063229649BF00AFE2B2 /* Frameworks */ = {
			isa = PBXFrameworksBuildPhase;
			buildActionMask = 2147483647;
			files = (
				21A89EA2374E4C79F7BAC2B7 /* Pods_TFY_Navigation.framework in Frameworks */,
			);
			runOnlyForDeploymentPostprocessing = 0;
		};
		3624207B229649C000AFE2B2 /* Frameworks */ = {
			isa = PBXFrameworksBuildPhase;
			buildActionMask = 2147483647;
			files = (
			);
			runOnlyForDeploymentPostprocessing = 0;
		};
		36242086229649C000AFE2B2 /* Frameworks */ = {
			isa = PBXFrameworksBuildPhase;
			buildActionMask = 2147483647;
			files = (
			);
			runOnlyForDeploymentPostprocessing = 0;
		};
/* End PBXFrameworksBuildPhase section */

/* Begin PBXGroup section */
		3624205D229649BF00AFE2B2 = {
			isa = PBXGroup;
			children = (
				36242068229649BF00AFE2B2 /* TFY_Navigation */,
				36242081229649C000AFE2B2 /* TFY_NavigationTests */,
				3624208C229649C000AFE2B2 /* TFY_NavigationUITests */,
				36242067229649BF00AFE2B2 /* Products */,
				6E1466816A379C95CA80B705 /* Pods */,
				EED8AECBAF85D338F2739BF8 /* Frameworks */,
			);
			sourceTree = "<group>";
		};
		36242067229649BF00AFE2B2 /* Products */ = {
			isa = PBXGroup;
			children = (
				36242066229649BF00AFE2B2 /* TFY_Navigation.app */,
				3624207E229649C000AFE2B2 /* TFY_NavigationTests.xctest */,
				36242089229649C000AFE2B2 /* TFY_NavigationUITests.xctest */,
			);
			name = Products;
			sourceTree = "<group>";
		};
		36242068229649BF00AFE2B2 /* TFY_Navigation */ = {
			isa = PBXGroup;
			children = (
				565AFB04247BA21200FF5323 /* PCH */,
				565AFAC2247BA0E500FF5323 /* Example */,
				3624209B229649EC00AFE2B2 /* TFY_Navigation */,
				36242069229649BF00AFE2B2 /* AppDelegate.h */,
				3624206A229649BF00AFE2B2 /* AppDelegate.m */,
				3624206C229649BF00AFE2B2 /* ViewController.h */,
				3624206D229649BF00AFE2B2 /* ViewController.m */,
				36242072229649C000AFE2B2 /* Assets.xcassets */,
				36242074229649C000AFE2B2 /* LaunchScreen.storyboard */,
				36242077229649C000AFE2B2 /* Info.plist */,
				36242078229649C000AFE2B2 /* main.m */,
			);
			path = TFY_Navigation;
			sourceTree = "<group>";
		};
		36242081229649C000AFE2B2 /* TFY_NavigationTests */ = {
			isa = PBXGroup;
			children = (
				36242082229649C000AFE2B2 /* TFY_NavigationTests.m */,
				36242084229649C000AFE2B2 /* Info.plist */,
			);
			path = TFY_NavigationTests;
			sourceTree = "<group>";
		};
		3624208C229649C000AFE2B2 /* TFY_NavigationUITests */ = {
			isa = PBXGroup;
			children = (
				3624208D229649C000AFE2B2 /* TFY_NavigationUITests.m */,
				3624208F229649C000AFE2B2 /* Info.plist */,
			);
			path = TFY_NavigationUITests;
			sourceTree = "<group>";
		};
		3624209B229649EC00AFE2B2 /* TFY_Navigation */ = {
			isa = PBXGroup;
			children = (
				36F8C5A926BFCA6E0068C5AC /* TFY_NavigationImage.bundle */,
				3624209C229649EC00AFE2B2 /* TFY_Navigation.h */,
				5667B85C23D6A047006CD91B /* TFY_NavControoler */,
			);
			path = TFY_Navigation;
			sourceTree = "<group>";
		};
		3683FDDE24F1D69D005CF078 /* NAV */ = {
			isa = PBXGroup;
			children = (
				3683FE2124F1D6D2005CF078 /* NAV_OneController.h */,
				3683FE2224F1D6D2005CF078 /* NAV_OneController.m */,
				3683FE2424F1D6E6005CF078 /* NAV_TwoController.h */,
				3683FE2524F1D6E6005CF078 /* NAV_TwoController.m */,
				3683FE2724F1D6FA005CF078 /* NAV_ThreeController.h */,
				3683FE2824F1D6FA005CF078 /* NAV_ThreeController.m */,
				368F25B9254BF00A002A1D38 /* NAV_FourViewController.h */,
				368F25BA254BF00A002A1D38 /* NAV_FourViewController.m */,
				368F25BF254BF021002A1D38 /* NAV_FiveViewController.h */,
				368F25C0254BF021002A1D38 /* NAV_FiveViewController.m */,
				368F25C5254BF035002A1D38 /* NAV_SixViewController.h */,
				368F25C6254BF035002A1D38 /* NAV_SixViewController.m */,
				368F25CB254BF050002A1D38 /* NAV_SevenViewController.h */,
				368F25CC254BF050002A1D38 /* NAV_SevenViewController.m */,
				36F1F5C42556BB21003C1C05 /* NAV_MainViewController.h */,
				36F1F5C52556BB21003C1C05 /* NAV_MainViewController.m */,
			);
			path = NAV;
			sourceTree = "<group>";
		};
		368F25E3254BF3D2002A1D38 /* TABBAR */ = {
			isa = PBXGroup;
			children = (
				368F25E4254BF408002A1D38 /* TFY_TabBarController.h */,
				368F25E5254BF408002A1D38 /* TFY_TabBarController.m */,
			);
			path = TABBAR;
			sourceTree = "<group>";
		};
		565AFAC2247BA0E500FF5323 /* Example */ = {
			isa = PBXGroup;
			children = (
				368F25E3254BF3D2002A1D38 /* TABBAR */,
				3683FDDE24F1D69D005CF078 /* NAV */,
			);
			path = Example;
			sourceTree = "<group>";
		};
		565AFB04247BA21200FF5323 /* PCH */ = {
			isa = PBXGroup;
			children = (
				565AFB05247BA21A00FF5323 /* PrefixHeader.pch */,
			);
			path = PCH;
			sourceTree = "<group>";
		};
		5667B85C23D6A047006CD91B /* TFY_NavControoler */ = {
			isa = PBXGroup;
			children = (
				360972AB26ECAE180046A447 /* TFYViewControllerAnimatedTransitioning.h */,
				360972AC26ECAE180046A447 /* UINavigationController+Push.h */,
				360972AE26ECAE180046A447 /* UINavigationController+Push.m */,
				360972AD26ECAE180046A447 /* UIViewController+RootNavigation.h */,
				360972AF26ECAE180046A447 /* UIViewController+RootNavigation.m */,
				36F8C5A226BFBF630068C5AC /* TFY_NavigationController.h */,
				36F8C5A126BFBF630068C5AC /* TFY_NavigationController.m */,
			);
			path = TFY_NavControoler;
			sourceTree = "<group>";
		};
		6E1466816A379C95CA80B705 /* Pods */ = {
			isa = PBXGroup;
			children = (
				07FE2B01F9FD1218E9749EEC /* Pods-TFY_Navigation.debug.xcconfig */,
				4E005F02273F596C1314D52E /* Pods-TFY_Navigation.release.xcconfig */,
			);
			path = Pods;
			sourceTree = "<group>";
		};
		EED8AECBAF85D338F2739BF8 /* Frameworks */ = {
			isa = PBXGroup;
			children = (
				29018E2143133F7AD73E672B /* Pods_TFY_Navigation.framework */,
			);
			name = Frameworks;
			sourceTree = "<group>";
		};
/* End PBXGroup section */

/* Begin PBXNativeTarget section */
		36242065229649BF00AFE2B2 /* TFY_Navigation */ = {
			isa = PBXNativeTarget;
			buildConfigurationList = 36242092229649C000AFE2B2 /* Build configuration list for PBXNativeTarget "TFY_Navigation" */;
			buildPhases = (
				C0CE382E226C40138985822A /* [CP] Check Pods Manifest.lock */,
				36242062229649BF00AFE2B2 /* Sources */,
				36242063229649BF00AFE2B2 /* Frameworks */,
				36242064229649BF00AFE2B2 /* Resources */,
				B341347AA785F16F3FAAE2A6 /* [CP] Embed Pods Frameworks */,
			);
			buildRules = (
			);
			dependencies = (
			);
			name = TFY_Navigation;
			productName = TFY_Navigation;
			productReference = 36242066229649BF00AFE2B2 /* TFY_Navigation.app */;
			productType = "com.apple.product-type.application";
		};
		3624207D229649C000AFE2B2 /* TFY_NavigationTests */ = {
			isa = PBXNativeTarget;
			buildConfigurationList = 36242095229649C000AFE2B2 /* Build configuration list for PBXNativeTarget "TFY_NavigationTests" */;
			buildPhases = (
				3624207A229649C000AFE2B2 /* Sources */,
				3624207B229649C000AFE2B2 /* Frameworks */,
				3624207C229649C000AFE2B2 /* Resources */,
			);
			buildRules = (
			);
			dependencies = (
				36242080229649C000AFE2B2 /* PBXTargetDependency */,
			);
			name = TFY_NavigationTests;
			productName = TFY_NavigationTests;
			productReference = 3624207E229649C000AFE2B2 /* TFY_NavigationTests.xctest */;
			productType = "com.apple.product-type.bundle.unit-test";
		};
		36242088229649C000AFE2B2 /* TFY_NavigationUITests */ = {
			isa = PBXNativeTarget;
			buildConfigurationList = 36242098229649C000AFE2B2 /* Build configuration list for PBXNativeTarget "TFY_NavigationUITests" */;
			buildPhases = (
				36242085229649C000AFE2B2 /* Sources */,
				36242086229649C000AFE2B2 /* Frameworks */,
				36242087229649C000AFE2B2 /* Resources */,
			);
			buildRules = (
			);
			dependencies = (
				3624208B229649C000AFE2B2 /* PBXTargetDependency */,
			);
			name = TFY_NavigationUITests;
			productName = TFY_NavigationUITests;
			productReference = 36242089229649C000AFE2B2 /* TFY_NavigationUITests.xctest */;
			productType = "com.apple.product-type.bundle.ui-testing";
		};
/* End PBXNativeTarget section */

/* Begin PBXProject section */
		3624205E229649BF00AFE2B2 /* Project object */ = {
			isa = PBXProject;
			attributes = {
				BuildIndependentTargetsInParallel = YES;
				LastUpgradeCheck = 1500;
				ORGANIZATIONNAME = "浙江日报集团";
				TargetAttributes = {
					36242065229649BF00AFE2B2 = {
						CreatedOnToolsVersion = 10.2.1;
					};
					3624207D229649C000AFE2B2 = {
						CreatedOnToolsVersion = 10.2.1;
						TestTargetID = 36242065229649BF00AFE2B2;
					};
					36242088229649C000AFE2B2 = {
						CreatedOnToolsVersion = 10.2.1;
						TestTargetID = 36242065229649BF00AFE2B2;
					};
				};
			};
			buildConfigurationList = 36242061229649BF00AFE2B2 /* Build configuration list for PBXProject "TFY_Navigation" */;
			compatibilityVersion = "Xcode 10.0";
			developmentRegion = en;
			hasScannedForEncodings = 0;
			knownRegions = (
				en,
				Base,
			);
			mainGroup = 3624205D229649BF00AFE2B2;
			productRefGroup = 36242067229649BF00AFE2B2 /* Products */;
			projectDirPath = "";
			projectRoot = "";
			targets = (
				36242065229649BF00AFE2B2 /* TFY_Navigation */,
				3624207D229649C000AFE2B2 /* TFY_NavigationTests */,
				36242088229649C000AFE2B2 /* TFY_NavigationUITests */,
			);
		};
/* End PBXProject section */

/* Begin PBXResourcesBuildPhase section */
		36242064229649BF00AFE2B2 /* Resources */ = {
			isa = PBXResourcesBuildPhase;
			buildActionMask = 2147483647;
			files = (
				36242076229649C000AFE2B2 /* LaunchScreen.storyboard in Resources */,
				36242073229649C000AFE2B2 /* Assets.xcassets in Resources */,
				36F8C5AA26BFCA6E0068C5AC /* TFY_NavigationImage.bundle in Resources */,
			);
			runOnlyForDeploymentPostprocessing = 0;
		};
		3624207C229649C000AFE2B2 /* Resources */ = {
			isa = PBXResourcesBuildPhase;
			buildActionMask = 2147483647;
			files = (
			);
			runOnlyForDeploymentPostprocessing = 0;
		};
		36242087229649C000AFE2B2 /* Resources */ = {
			isa = PBXResourcesBuildPhase;
			buildActionMask = 2147483647;
			files = (
			);
			runOnlyForDeploymentPostprocessing = 0;
		};
/* End PBXResourcesBuildPhase section */

/* Begin PBXShellScriptBuildPhase section */
		B341347AA785F16F3FAAE2A6 /* [CP] Embed Pods Frameworks */ = {
			isa = PBXShellScriptBuildPhase;
			buildActionMask = 2147483647;
			files = (
			);
			inputFileListPaths = (
				"${PODS_ROOT}/Target Support Files/Pods-TFY_Navigation/Pods-TFY_Navigation-frameworks-${CONFIGURATION}-input-files.xcfilelist",
			);
			name = "[CP] Embed Pods Frameworks";
			outputFileListPaths = (
				"${PODS_ROOT}/Target Support Files/Pods-TFY_Navigation/Pods-TFY_Navigation-frameworks-${CONFIGURATION}-output-files.xcfilelist",
			);
			runOnlyForDeploymentPostprocessing = 0;
			shellPath = /bin/sh;
			shellScript = "\"${PODS_ROOT}/Target Support Files/Pods-TFY_Navigation/Pods-TFY_Navigation-frameworks.sh\"\n";
			showEnvVarsInLog = 0;
		};
		C0CE382E226C40138985822A /* [CP] Check Pods Manifest.lock */ = {
			isa = PBXShellScriptBuildPhase;
			buildActionMask = 2147483647;
			files = (
			);
			inputFileListPaths = (
			);
			inputPaths = (
				"${PODS_PODFILE_DIR_PATH}/Podfile.lock",
				"${PODS_ROOT}/Manifest.lock",
			);
			name = "[CP] Check Pods Manifest.lock";
			outputFileListPaths = (
			);
			outputPaths = (
				"$(DERIVED_FILE_DIR)/Pods-TFY_Navigation-checkManifestLockResult.txt",
			);
			runOnlyForDeploymentPostprocessing = 0;
			shellPath = /bin/sh;
			shellScript = "diff \"${PODS_PODFILE_DIR_PATH}/Podfile.lock\" \"${PODS_ROOT}/Manifest.lock\" > /dev/null\nif [ $? != 0 ] ; then\n    # print error to STDERR\n    echo \"error: The sandbox is not in sync with the Podfile.lock. Run 'pod install' or update your CocoaPods installation.\" >&2\n    exit 1\nfi\n# This output is used by Xcode 'outputs' to avoid re-running this script phase.\necho \"SUCCESS\" > \"${SCRIPT_OUTPUT_FILE_0}\"\n";
			showEnvVarsInLog = 0;
		};
/* End PBXShellScriptBuildPhase section */

/* Begin PBXSourcesBuildPhase section */
		36242062229649BF00AFE2B2 /* Sources */ = {
			isa = PBXSourcesBuildPhase;
			buildActionMask = 2147483647;
			files = (
				368F25BB254BF00A002A1D38 /* NAV_FourViewController.m in Sources */,
				3624206E229649BF00AFE2B2 /* ViewController.m in Sources */,
				368F25E6254BF408002A1D38 /* TFY_TabBarController.m in Sources */,
				368F25C7254BF035002A1D38 /* NAV_SixViewController.m in Sources */,
				36242079229649C000AFE2B2 /* main.m in Sources */,
				3683FE2324F1D6D2005CF078 /* NAV_OneController.m in Sources */,
				3683FE2624F1D6E6005CF078 /* NAV_TwoController.m in Sources */,
				360972B126ECAE180046A447 /* UIViewController+RootNavigation.m in Sources */,
				3683FE2924F1D6FA005CF078 /* NAV_ThreeController.m in Sources */,
				36F8C5A726BFBF630068C5AC /* TFY_NavigationController.m in Sources */,
				3624206B229649BF00AFE2B2 /* AppDelegate.m in Sources */,
				368F25CD254BF050002A1D38 /* NAV_SevenViewController.m in Sources */,
				36F1F5C62556BB21003C1C05 /* NAV_MainViewController.m in Sources */,
				368F25C1254BF021002A1D38 /* NAV_FiveViewController.m in Sources */,
				360972B026ECAE180046A447 /* UINavigationController+Push.m in Sources */,
			);
			runOnlyForDeploymentPostprocessing = 0;
		};
		3624207A229649C000AFE2B2 /* Sources */ = {
			isa = PBXSourcesBuildPhase;
			buildActionMask = 2147483647;
			files = (
				36242083229649C000AFE2B2 /* TFY_NavigationTests.m in Sources */,
			);
			runOnlyForDeploymentPostprocessing = 0;
		};
		36242085229649C000AFE2B2 /* Sources */ = {
			isa = PBXSourcesBuildPhase;
			buildActionMask = 2147483647;
			files = (
				3624208E229649C000AFE2B2 /* TFY_NavigationUITests.m in Sources */,
			);
			runOnlyForDeploymentPostprocessing = 0;
		};
/* End PBXSourcesBuildPhase section */

/* Begin PBXTargetDependency section */
		36242080229649C000AFE2B2 /* PBXTargetDependency */ = {
			isa = PBXTargetDependency;
			target = 36242065229649BF00AFE2B2 /* TFY_Navigation */;
			targetProxy = 3624207F229649C000AFE2B2 /* PBXContainerItemProxy */;
		};
		3624208B229649C000AFE2B2 /* PBXTargetDependency */ = {
			isa = PBXTargetDependency;
			target = 36242065229649BF00AFE2B2 /* TFY_Navigation */;
			targetProxy = 3624208A229649C000AFE2B2 /* PBXContainerItemProxy */;
		};
/* End PBXTargetDependency section */

/* Begin PBXVariantGroup section */
		36242074229649C000AFE2B2 /* LaunchScreen.storyboard */ = {
			isa = PBXVariantGroup;
			children = (
				36242075229649C000AFE2B2 /* Base */,
			);
			name = LaunchScreen.storyboard;
			sourceTree = "<group>";
		};
/* End PBXVariantGroup section */

/* Begin XCBuildConfiguration section */
		36242090229649C000AFE2B2 /* Debug */ = {
			isa = XCBuildConfiguration;
			buildSettings = {
				ALWAYS_SEARCH_USER_PATHS = NO;
				ASSETCATALOG_COMPILER_GENERATE_SWIFT_ASSET_SYMBOL_EXTENSIONS = YES;
				CLANG_ANALYZER_NONNULL = YES;
				CLANG_ANALYZER_NUMBER_OBJECT_CONVERSION = YES_AGGRESSIVE;
				CLANG_CXX_LANGUAGE_STANDARD = "gnu++14";
				CLANG_CXX_LIBRARY = "libc++";
				CLANG_ENABLE_MODULES = YES;
				CLANG_ENABLE_OBJC_ARC = YES;
				CLANG_ENABLE_OBJC_WEAK = YES;
				CLANG_WARN_BLOCK_CAPTURE_AUTORELEASING = YES;
				CLANG_WARN_BOOL_CONVERSION = YES;
				CLANG_WARN_COMMA = YES;
				CLANG_WARN_CONSTANT_CONVERSION = YES;
				CLANG_WARN_DEPRECATED_OBJC_IMPLEMENTATIONS = YES;
				CLANG_WARN_DIRECT_OBJC_ISA_USAGE = YES_ERROR;
				CLANG_WARN_DOCUMENTATION_COMMENTS = YES;
				CLANG_WARN_EMPTY_BODY = YES;
				CLANG_WARN_ENUM_CONVERSION = YES;
				CLANG_WARN_INFINITE_RECURSION = YES;
				CLANG_WARN_INT_CONVERSION = YES;
				CLANG_WARN_NON_LITERAL_NULL_CONVERSION = YES;
				CLANG_WARN_OBJC_IMPLICIT_RETAIN_SELF = YES;
				CLANG_WARN_OBJC_LITERAL_CONVERSION = YES;
				CLANG_WARN_OBJC_ROOT_CLASS = YES_ERROR;
				CLANG_WARN_QUOTED_INCLUDE_IN_FRAMEWORK_HEADER = YES;
				CLANG_WARN_RANGE_LOOP_ANALYSIS = YES;
				CLANG_WARN_STRICT_PROTOTYPES = YES;
				CLANG_WARN_SUSPICIOUS_MOVE = YES;
				CLANG_WARN_UNGUARDED_AVAILABILITY = YES_AGGRESSIVE;
				CLANG_WARN_UNREACHABLE_CODE = YES;
				CLANG_WARN__DUPLICATE_METHOD_MATCH = YES;
				CODE_SIGN_IDENTITY = "iPhone Developer";
				COPY_PHASE_STRIP = NO;
				DEBUG_INFORMATION_FORMAT = dwarf;
				ENABLE_STRICT_OBJC_MSGSEND = YES;
				ENABLE_TESTABILITY = YES;
				ENABLE_USER_SCRIPT_SANDBOXING = YES;
				GCC_C_LANGUAGE_STANDARD = gnu11;
				GCC_DYNAMIC_NO_PIC = NO;
				GCC_NO_COMMON_BLOCKS = YES;
				GCC_OPTIMIZATION_LEVEL = 0;
				GCC_PREPROCESSOR_DEFINITIONS = (
					"DEBUG=1",
					"$(inherited)",
				);
				GCC_WARN_64_TO_32_BIT_CONVERSION = YES;
				GCC_WARN_ABOUT_RETURN_TYPE = YES_ERROR;
				GCC_WARN_UNDECLARED_SELECTOR = YES;
				GCC_WARN_UNINITIALIZED_AUTOS = YES_AGGRESSIVE;
				GCC_WARN_UNUSED_FUNCTION = YES;
				GCC_WARN_UNUSED_VARIABLE = YES;
				IPHONEOS_DEPLOYMENT_TARGET = 17.0;
				MTL_ENABLE_DEBUG_INFO = INCLUDE_SOURCE;
				MTL_FAST_MATH = YES;
				ONLY_ACTIVE_ARCH = YES;
				SDKROOT = iphoneos;
			};
			name = Debug;
		};
		36242091229649C000AFE2B2 /* Release */ = {
			isa = XCBuildConfiguration;
			buildSettings = {
				ALWAYS_SEARCH_USER_PATHS = NO;
				ASSETCATALOG_COMPILER_GENERATE_SWIFT_ASSET_SYMBOL_EXTENSIONS = YES;
				CLANG_ANALYZER_NONNULL = YES;
				CLANG_ANALYZER_NUMBER_OBJECT_CONVERSION = YES_AGGRESSIVE;
				CLANG_CXX_LANGUAGE_STANDARD = "gnu++14";
				CLANG_CXX_LIBRARY = "libc++";
				CLANG_ENABLE_MODULES = YES;
				CLANG_ENABLE_OBJC_ARC = YES;
				CLANG_ENABLE_OBJC_WEAK = YES;
				CLANG_WARN_BLOCK_CAPTURE_AUTORELEASING = YES;
				CLANG_WARN_BOOL_CONVERSION = YES;
				CLANG_WARN_COMMA = YES;
				CLANG_WARN_CONSTANT_CONVERSION = YES;
				CLANG_WARN_DEPRECATED_OBJC_IMPLEMENTATIONS = YES;
				CLANG_WARN_DIRECT_OBJC_ISA_USAGE = YES_ERROR;
				CLANG_WARN_DOCUMENTATION_COMMENTS = YES;
				CLANG_WARN_EMPTY_BODY = YES;
				CLANG_WARN_ENUM_CONVERSION = YES;
				CLANG_WARN_INFINITE_RECURSION = YES;
				CLANG_WARN_INT_CONVERSION = YES;
				CLANG_WARN_NON_LITERAL_NULL_CONVERSION = YES;
				CLANG_WARN_OBJC_IMPLICIT_RETAIN_SELF = YES;
				CLANG_WARN_OBJC_LITERAL_CONVERSION = YES;
				CLANG_WARN_OBJC_ROOT_CLASS = YES_ERROR;
				CLANG_WARN_QUOTED_INCLUDE_IN_FRAMEWORK_HEADER = YES;
				CLANG_WARN_RANGE_LOOP_ANALYSIS = YES;
				CLANG_WARN_STRICT_PROTOTYPES = YES;
				CLANG_WARN_SUSPICIOUS_MOVE = YES;
				CLANG_WARN_UNGUARDED_AVAILABILITY = YES_AGGRESSIVE;
				CLANG_WARN_UNREACHABLE_CODE = YES;
				CLANG_WARN__DUPLICATE_METHOD_MATCH = YES;
				CODE_SIGN_IDENTITY = "iPhone Developer";
				COPY_PHASE_STRIP = NO;
				DEBUG_INFORMATION_FORMAT = "dwarf-with-dsym";
				ENABLE_NS_ASSERTIONS = NO;
				ENABLE_STRICT_OBJC_MSGSEND = YES;
				ENABLE_USER_SCRIPT_SANDBOXING = YES;
				GCC_C_LANGUAGE_STANDARD = gnu11;
				GCC_NO_COMMON_BLOCKS = YES;
				GCC_WARN_64_TO_32_BIT_CONVERSION = YES;
				GCC_WARN_ABOUT_RETURN_TYPE = YES_ERROR;
				GCC_WARN_UNDECLARED_SELECTOR = YES;
				GCC_WARN_UNINITIALIZED_AUTOS = YES_AGGRESSIVE;
				GCC_WARN_UNUSED_FUNCTION = YES;
				GCC_WARN_UNUSED_VARIABLE = YES;
				IPHONEOS_DEPLOYMENT_TARGET = 17.0;
				MTL_ENABLE_DEBUG_INFO = NO;
				MTL_FAST_MATH = YES;
				SDKROOT = iphoneos;
				VALIDATE_PRODUCT = YES;
			};
			name = Release;
		};
		36242093229649C000AFE2B2 /* Debug */ = {
			isa = XCBuildConfiguration;
			baseConfigurationReference = 07FE2B01F9FD1218E9749EEC /* Pods-TFY_Navigation.debug.xcconfig */;
			buildSettings = {
				ASSETCATALOG_COMPILER_APPICON_NAME = AppIcon;
				CODE_SIGN_STYLE = Automatic;
				DEVELOPMENT_TEAM = QH95759TSS;
				ENABLE_USER_SCRIPT_SANDBOXING = NO;
				GCC_PRECOMPILE_PREFIX_HEADER = YES;
				GCC_PREFIX_HEADER = TFY_Navigation/PCH/PrefixHeader.pch;
				INFOPLIST_FILE = TFY_Navigation/Info.plist;
				IPHONEOS_DEPLOYMENT_TARGET = 12.0;
				LD_RUNPATH_SEARCH_PATHS = (
					"$(inherited)",
					"@executable_path/Frameworks",
				);
				PRODUCT_BUNDLE_IDENTIFIER = "com.LianQianLianjiCompany.TFY-Navigation";
				PRODUCT_NAME = "$(TARGET_NAME)";
				SUPPORTED_PLATFORMS = "iphoneos iphonesimulator";
				SUPPORTS_MACCATALYST = NO;
				TARGETED_DEVICE_FAMILY = "1,2";
			};
			name = Debug;
		};
		36242094229649C000AFE2B2 /* Release */ = {
			isa = XCBuildConfiguration;
			baseConfigurationReference = 4E005F02273F596C1314D52E /* Pods-TFY_Navigation.release.xcconfig */;
			buildSettings = {
				ASSETCATALOG_COMPILER_APPICON_NAME = AppIcon;
				CODE_SIGN_STYLE = Automatic;
				DEVELOPMENT_TEAM = QH95759TSS;
				ENABLE_USER_SCRIPT_SANDBOXING = NO;
				GCC_PRECOMPILE_PREFIX_HEADER = YES;
				GCC_PREFIX_HEADER = TFY_Navigation/PCH/PrefixHeader.pch;
				INFOPLIST_FILE = TFY_Navigation/Info.plist;
				IPHONEOS_DEPLOYMENT_TARGET = 12.0;
				LD_RUNPATH_SEARCH_PATHS = (
					"$(inherited)",
					"@executable_path/Frameworks",
				);
				PRODUCT_BUNDLE_IDENTIFIER = "com.LianQianLianjiCompany.TFY-Navigation";
				PRODUCT_NAME = "$(TARGET_NAME)";
				SUPPORTED_PLATFORMS = "iphoneos iphonesimulator";
				SUPPORTS_MACCATALYST = NO;
				TARGETED_DEVICE_FAMILY = "1,2";
			};
			name = Release;
		};
		36242096229649C000AFE2B2 /* Debug */ = {
			isa = XCBuildConfiguration;
			buildSettings = {
				BUNDLE_LOADER = "$(TEST_HOST)";
				"CODE_SIGN_IDENTITY[sdk=macosx*]" = "Apple Development";
				CODE_SIGN_STYLE = Automatic;
				DEVELOPMENT_TEAM = QH95759TSS;
				INFOPLIST_FILE = TFY_NavigationTests/Info.plist;
				IPHONEOS_DEPLOYMENT_TARGET = 13.7;
				LD_RUNPATH_SEARCH_PATHS = (
					"$(inherited)",
					"@executable_path/Frameworks",
					"@loader_path/Frameworks",
				);
				PRODUCT_BUNDLE_IDENTIFIER = "com.LianQianLianjiCompany.TFY-NavigationTests";
				PRODUCT_NAME = "$(TARGET_NAME)";
				TARGETED_DEVICE_FAMILY = "1,2";
				TEST_HOST = "$(BUILT_PRODUCTS_DIR)/TFY_Navigation.app/TFY_Navigation";
			};
			name = Debug;
		};
		36242097229649C000AFE2B2 /* Release */ = {
			isa = XCBuildConfiguration;
			buildSettings = {
				BUNDLE_LOADER = "$(TEST_HOST)";
				"CODE_SIGN_IDENTITY[sdk=macosx*]" = "Apple Development";
				CODE_SIGN_STYLE = Automatic;
				DEVELOPMENT_TEAM = QH95759TSS;
				INFOPLIST_FILE = TFY_NavigationTests/Info.plist;
				IPHONEOS_DEPLOYMENT_TARGET = 13.7;
				LD_RUNPATH_SEARCH_PATHS = (
					"$(inherited)",
					"@executable_path/Frameworks",
					"@loader_path/Frameworks",
				);
				PRODUCT_BUNDLE_IDENTIFIER = "com.LianQianLianjiCompany.TFY-NavigationTests";
				PRODUCT_NAME = "$(TARGET_NAME)";
				TARGETED_DEVICE_FAMILY = "1,2";
				TEST_HOST = "$(BUILT_PRODUCTS_DIR)/TFY_Navigation.app/TFY_Navigation";
			};
			name = Release;
		};
		36242099229649C000AFE2B2 /* Debug */ = {
			isa = XCBuildConfiguration;
			buildSettings = {
				CODE_SIGN_STYLE = Automatic;
				DEVELOPMENT_TEAM = SEXG86U92J;
				INFOPLIST_FILE = TFY_NavigationUITests/Info.plist;
				IPHONEOS_DEPLOYMENT_TARGET = 13.7;
				LD_RUNPATH_SEARCH_PATHS = (
					"$(inherited)",
					"@executable_path/Frameworks",
					"@loader_path/Frameworks",
				);
				PRODUCT_BUNDLE_IDENTIFIER = "com.LianQianLianjiCompany.TFY-NavigationUITests";
				PRODUCT_NAME = "$(TARGET_NAME)";
				TARGETED_DEVICE_FAMILY = "1,2";
				TEST_TARGET_NAME = TFY_Navigation;
			};
			name = Debug;
		};
		3624209A229649C000AFE2B2 /* Release */ = {
			isa = XCBuildConfiguration;
			buildSettings = {
				CODE_SIGN_STYLE = Automatic;
				DEVELOPMENT_TEAM = SEXG86U92J;
				INFOPLIST_FILE = TFY_NavigationUITests/Info.plist;
				IPHONEOS_DEPLOYMENT_TARGET = 13.7;
				LD_RUNPATH_SEARCH_PATHS = (
					"$(inherited)",
					"@executable_path/Frameworks",
					"@loader_path/Frameworks",
				);
				PRODUCT_BUNDLE_IDENTIFIER = "com.LianQianLianjiCompany.TFY-NavigationUITests";
				PRODUCT_NAME = "$(TARGET_NAME)";
				TARGETED_DEVICE_FAMILY = "1,2";
				TEST_TARGET_NAME = TFY_Navigation;
			};
			name = Release;
		};
/* End XCBuildConfiguration section */

/* Begin XCConfigurationList section */
		36242061229649BF00AFE2B2 /* Build configuration list for PBXProject "TFY_Navigation" */ = {
			isa = XCConfigurationList;
			buildConfigurations = (
				36242090229649C000AFE2B2 /* Debug */,
				36242091229649C000AFE2B2 /* Release */,
			);
			defaultConfigurationIsVisible = 0;
			defaultConfigurationName = Release;
		};
		36242092229649C000AFE2B2 /* Build configuration list for PBXNativeTarget "TFY_Navigation" */ = {
			isa = XCConfigurationList;
			buildConfigurations = (
				36242093229649C000AFE2B2 /* Debug */,
				36242094229649C000AFE2B2 /* Release */,
			);
			defaultConfigurationIsVisible = 0;
			defaultConfigurationName = Release;
		};
		36242095229649C000AFE2B2 /* Build configuration list for PBXNativeTarget "TFY_NavigationTests" */ = {
			isa = XCConfigurationList;
			buildConfigurations = (
				36242096229649C000AFE2B2 /* Debug */,
				36242097229649C000AFE2B2 /* Release */,
			);
			defaultConfigurationIsVisible = 0;
			defaultConfigurationName = Release;
		};
		36242098229649C000AFE2B2 /* Build configuration list for PBXNativeTarget "TFY_NavigationUITests" */ = {
			isa = XCConfigurationList;
			buildConfigurations = (
				36242099229649C000AFE2B2 /* Debug */,
				3624209A229649C000AFE2B2 /* Release */,
			);
			defaultConfigurationIsVisible = 0;
			defaultConfigurationName = Release;
		};
/* End XCConfigurationList section */
	};
	rootObject = 3624205E229649BF00AFE2B2 /* Project object */;
}
